// !$*UTF8*$!
{
	archiveVersion = 1;
	classes = {
	};
	objectVersion = 46;
	objects = {

/* Begin PBXBuildFile section */
		070573111CFE673800C17EDF /* GameOverState.cpp in Sources */ = {isa = PBXBuildFile; fileRef = 0705730F1CFE673800C17EDF /* GameOverState.cpp */; };
		0722368B1CE2DCA60086A0CF /* Command.cpp in Sources */ = {isa = PBXBuildFile; fileRef = 072236891CE2DCA60086A0CF /* Command.cpp */; };
		073DBCB91D08D34F00A3CC06 /* Buttons.png in Resources */ = {isa = PBXBuildFile; fileRef = 073DBCB21D08D34F00A3CC06 /* Buttons.png */; };
		073DBCBA1D08D34F00A3CC06 /* Entities.png in Resources */ = {isa = PBXBuildFile; fileRef = 073DBCB31D08D34F00A3CC06 /* Entities.png */; };
		073DBCBB1D08D34F00A3CC06 /* Explosion.png in Resources */ = {isa = PBXBuildFile; fileRef = 073DBCB41D08D34F00A3CC06 /* Explosion.png */; };
		073DBCBC1D08D34F00A3CC06 /* FinishLine.png in Resources */ = {isa = PBXBuildFile; fileRef = 073DBCB51D08D34F00A3CC06 /* FinishLine.png */; };
		073DBCBD1D08D34F00A3CC06 /* Jungle.png in Resources */ = {isa = PBXBuildFile; fileRef = 073DBCB61D08D34F00A3CC06 /* Jungle.png */; };
		073DBCBE1D08D34F00A3CC06 /* Particle.png in Resources */ = {isa = PBXBuildFile; fileRef = 073DBCB71D08D34F00A3CC06 /* Particle.png */; };
		073DBCBF1D08D34F00A3CC06 /* TitleScreen.png in Resources */ = {isa = PBXBuildFile; fileRef = 073DBCB81D08D34F00A3CC06 /* TitleScreen.png */; };
		073DBCC61D08D39700A3CC06 /* Add.frag in Resources */ = {isa = PBXBuildFile; fileRef = 073DBCC11D08D39700A3CC06 /* Add.frag */; };
		073DBCC71D08D39700A3CC06 /* Brightness.frag in Resources */ = {isa = PBXBuildFile; fileRef = 073DBCC21D08D39700A3CC06 /* Brightness.frag */; };
		073DBCC81D08D39700A3CC06 /* DownSample.frag in Resources */ = {isa = PBXBuildFile; fileRef = 073DBCC31D08D39700A3CC06 /* DownSample.frag */; };
		073DBCC91D08D39700A3CC06 /* Fullpass.vert in Resources */ = {isa = PBXBuildFile; fileRef = 073DBCC41D08D39700A3CC06 /* Fullpass.vert */; };
		073DBCCA1D08D39700A3CC06 /* GuassianBlur.frag in Resources */ = {isa = PBXBuildFile; fileRef = 073DBCC51D08D39700A3CC06 /* GuassianBlur.frag */; };
		073DBCD21D08DD5800A3CC06 /* Animation.cpp in Sources */ = {isa = PBXBuildFile; fileRef = 073DBCD01D08DD5800A3CC06 /* Animation.cpp */; };
		073FC2C51CEE6A4A00FEB22B /* Label.cpp in Sources */ = {isa = PBXBuildFile; fileRef = 073FC2C31CEE6A4A00FEB22B /* Label.cpp */; };
		073FC2C81CEE700300FEB22B /* Button.cpp in Sources */ = {isa = PBXBuildFile; fileRef = 073FC2C61CEE700300FEB22B /* Button.cpp */; };
		073FC2D11CEE7FBB00FEB22B /* SettingsState.cpp in Sources */ = {isa = PBXBuildFile; fileRef = 073FC2CF1CEE7FBB00FEB22B /* SettingsState.cpp */; };
		0743C6B51CEFCE040080E356 /* DataTables.cpp in Sources */ = {isa = PBXBuildFile; fileRef = 0743C6B31CEFCE040080E356 /* DataTables.cpp */; };
		0743C6B81CEFD0200080E356 /* Pickup.cpp in Sources */ = {isa = PBXBuildFile; fileRef = 0743C6B61CEFD0200080E356 /* Pickup.cpp */; };
		0743C6BB1CEFD3D30080E356 /* Projectile.cpp in Sources */ = {isa = PBXBuildFile; fileRef = 0743C6B91CEFD3D30080E356 /* Projectile.cpp */; };
		07468E0C1CE542C70089667C /* CommandQueue.cpp in Sources */ = {isa = PBXBuildFile; fileRef = 07468E0A1CE542C70089667C /* CommandQueue.cpp */; };
		07468E0F1CE546AF0089667C /* Player.cpp in Sources */ = {isa = PBXBuildFile; fileRef = 07468E0D1CE546AF0089667C /* Player.cpp */; };
		07468E161CE579690089667C /* State.cpp in Sources */ = {isa = PBXBuildFile; fileRef = 07468E141CE579690089667C /* State.cpp */; };
		07468E1C1CE57F020089667C /* StateStack.cpp in Sources */ = {isa = PBXBuildFile; fileRef = 07468E1A1CE57F020089667C /* StateStack.cpp */; };
		0752C7E31CE19AD100EF1365 /* SpriteNode.cpp in Sources */ = {isa = PBXBuildFile; fileRef = 0752C7E11CE19AD100EF1365 /* SpriteNode.cpp */; };
		0752C7EE1CE1A39300EF1365 /* World.cpp in Sources */ = {isa = PBXBuildFile; fileRef = 0752C7EC1CE1A39300EF1365 /* World.cpp */; };
		07551B1F1CE29B4900D1CE8F /* Sansation.ttf in Resources */ = {isa = PBXBuildFile; fileRef = 07551B1E1CE29B4900D1CE8F /* Sansation.ttf */; };
		076998E21CF1A41A00554CF5 /* TextNode.cpp in Sources */ = {isa = PBXBuildFile; fileRef = 076998E01CF1A41A00554CF5 /* TextNode.cpp */; };
		07A999991CED6C6700C5FFFD /* Component.cpp in Sources */ = {isa = PBXBuildFile; fileRef = 07A999971CED6C6700C5FFFD /* Component.cpp */; };
		07A9999C1CED6F4F00C5FFFD /* Container.cpp in Sources */ = {isa = PBXBuildFile; fileRef = 07A9999A1CED6F4F00C5FFFD /* Container.cpp */; };
		07BC138B1CEC160E00615DBE /* Utility.cpp in Sources */ = {isa = PBXBuildFile; fileRef = 07BC13891CEC160E00615DBE /* Utility.cpp */; };
		07BC138D1CEC16AF00615DBE /* Utility.inl in Sources */ = {isa = PBXBuildFile; fileRef = 07BC138C1CEC16AF00615DBE /* Utility.inl */; };
		07BC13901CEC189A00615DBE /* GameState.cpp in Sources */ = {isa = PBXBuildFile; fileRef = 07BC138E1CEC189A00615DBE /* GameState.cpp */; };
		07BC13931CEC1B9C00615DBE /* TitleState.cpp in Sources */ = {isa = PBXBuildFile; fileRef = 07BC13911CEC1B9C00615DBE /* TitleState.cpp */; };
		07BC13961CEC25BE00615DBE /* MenuState.cpp in Sources */ = {isa = PBXBuildFile; fileRef = 07BC13941CEC25BE00615DBE /* MenuState.cpp */; };
		07BC13991CEC310B00615DBE /* PauseState.cpp in Sources */ = {isa = PBXBuildFile; fileRef = 07BC13971CEC310B00615DBE /* PauseState.cpp */; };
		07BEA7F71CED29060023120D /* ParallelTask.cpp in Sources */ = {isa = PBXBuildFile; fileRef = 07BEA7F51CED29060023120D /* ParallelTask.cpp */; };
		07BEA7FA1CED2BA50023120D /* LoadingState.cpp in Sources */ = {isa = PBXBuildFile; fileRef = 07BEA7F81CED2BA50023120D /* LoadingState.cpp */; };
		9242CAAB1CD8544800AC8A64 /* Entity.cpp in Sources */ = {isa = PBXBuildFile; fileRef = 9242CAA91CD8544800AC8A64 /* Entity.cpp */; };
		9242CAAE1CD8562800AC8A64 /* Aircraft.cpp in Sources */ = {isa = PBXBuildFile; fileRef = 9242CAAC1CD8562800AC8A64 /* Aircraft.cpp */; };
		9242CAB41CD85A5600AC8A64 /* SceneNode.cpp in Sources */ = {isa = PBXBuildFile; fileRef = 9242CAB21CD85A5600AC8A64 /* SceneNode.cpp */; };
		9256C2231D2581EA0030D88E /* MissionTheme.ogg in Resources */ = {isa = PBXBuildFile; fileRef = 9256C2221D2580870030D88E /* MissionTheme.ogg */; };
		9256C2241D2581EC0030D88E /* MenuTheme.ogg in Resources */ = {isa = PBXBuildFile; fileRef = 9256C2211D2580870030D88E /* MenuTheme.ogg */; };
		9266C7591CD711C10021AF29 /* ResourceHolder.inl in Sources */ = {isa = PBXBuildFile; fileRef = 9266C7571CD711C10021AF29 /* ResourceHolder.inl */; };
		9296BA0F1D1FE86800A9B6B4 /* PostEffect.cpp in Sources */ = {isa = PBXBuildFile; fileRef = 9296BA0D1D1FE86800A9B6B4 /* PostEffect.cpp */; };
		9296BA121D1FEC4D00A9B6B4 /* BloomEffect.cpp in Sources */ = {isa = PBXBuildFile; fileRef = 9296BA101D1FEC4D00A9B6B4 /* BloomEffect.cpp */; };
		9296BBEA1D256948002DF21A /* AlliedGunfire.wav in Resources */ = {isa = PBXBuildFile; fileRef = 9296BBE31D256948002DF21A /* AlliedGunfire.wav */; };
		9296BBEB1D256948002DF21A /* Button.wav in Resources */ = {isa = PBXBuildFile; fileRef = 9296BBE41D256948002DF21A /* Button.wav */; };
		9296BBEC1D256948002DF21A /* CollectPickup.wav in Resources */ = {isa = PBXBuildFile; fileRef = 9296BBE51D256948002DF21A /* CollectPickup.wav */; };
		9296BBED1D256948002DF21A /* EnemyGunfire.wav in Resources */ = {isa = PBXBuildFile; fileRef = 9296BBE61D256948002DF21A /* EnemyGunfire.wav */; };
		9296BBEE1D256948002DF21A /* Explosion1.wav in Resources */ = {isa = PBXBuildFile; fileRef = 9296BBE71D256948002DF21A /* Explosion1.wav */; };
		9296BBEF1D256948002DF21A /* Explosion2.wav in Resources */ = {isa = PBXBuildFile; fileRef = 9296BBE81D256948002DF21A /* Explosion2.wav */; };
		9296BBF01D256948002DF21A /* LaunchMissile.wav in Resources */ = {isa = PBXBuildFile; fileRef = 9296BBE91D256948002DF21A /* LaunchMissile.wav */; };
		9296BBF41D256AE5002DF21A /* MusicPlayer.cpp in Sources */ = {isa = PBXBuildFile; fileRef = 9296BBF21D256AE5002DF21A /* MusicPlayer.cpp */; };
		9296BBF71D256E46002DF21A /* SoundPlayer.cpp in Sources */ = {isa = PBXBuildFile; fileRef = 9296BBF51D256E46002DF21A /* SoundPlayer.cpp */; };
		92BEE98F1D1E6423007E3F97 /* EmitterNode.cpp in Sources */ = {isa = PBXBuildFile; fileRef = 92BEE98D1D1E6423007E3F97 /* EmitterNode.cpp */; };
		92BEE9921D1E6583007E3F97 /* ParticleNode.cpp in Sources */ = {isa = PBXBuildFile; fileRef = 92BEE9901D1E6583007E3F97 /* ParticleNode.cpp */; };
		92D697BF1CD31272000CF4BB /* Application.cpp in Sources */ = {isa = PBXBuildFile; fileRef = 92D697BD1CD31272000CF4BB /* Application.cpp */; };
		92E85F1E1D27745A00FF80E3 /* SoundNode.cpp in Sources */ = {isa = PBXBuildFile; fileRef = 92E85F1C1D27745A00FF80E3 /* SoundNode.cpp */; };
		92E85F211D278D3A00FF80E3 /* MultiplayerGameState.cpp in Sources */ = {isa = PBXBuildFile; fileRef = 92E85F1F1D278D3A00FF80E3 /* MultiplayerGameState.cpp */; };
		92E85F281D278FBA00FF80E3 /* GameServer.cpp in Sources */ = {isa = PBXBuildFile; fileRef = 92E85F261D278FBA00FF80E3 /* GameServer.cpp */; };
		92F130351CD06F710009C29C /* ResourcePath.mm in Sources */ = {isa = PBXBuildFile; fileRef = 92F130341CD06F710009C29C /* ResourcePath.mm */; };
		92F130381CD06F710009C29C /* Main.cpp in Sources */ = {isa = PBXBuildFile; fileRef = 92F130371CD06F710009C29C /* Main.cpp */; };
/* End PBXBuildFile section */

/* Begin PBXFileReference section */
		0705730F1CFE673800C17EDF /* GameOverState.cpp */ = {isa = PBXFileReference; fileEncoding = 4; lastKnownFileType = sourcecode.cpp.cpp; path = GameOverState.cpp; sourceTree = "<group>"; };
		070573101CFE673800C17EDF /* GameOverState.hpp */ = {isa = PBXFileReference; fileEncoding = 4; lastKnownFileType = sourcecode.cpp.h; path = GameOverState.hpp; sourceTree = "<group>"; };
		072236891CE2DCA60086A0CF /* Command.cpp */ = {isa = PBXFileReference; fileEncoding = 4; lastKnownFileType = sourcecode.cpp.cpp; path = Command.cpp; sourceTree = "<group>"; };
		0722368A1CE2DCA60086A0CF /* Command.hpp */ = {isa = PBXFileReference; fileEncoding = 4; lastKnownFileType = sourcecode.cpp.h; path = Command.hpp; sourceTree = "<group>"; };
		0722368D1CE2DDD40086A0CF /* Category.hpp */ = {isa = PBXFileReference; fileEncoding = 4; lastKnownFileType = sourcecode.cpp.h; path = Category.hpp; sourceTree = "<group>"; };
		073DBCB21D08D34F00A3CC06 /* Buttons.png */ = {isa = PBXFileReference; lastKnownFileType = image.png; path = Buttons.png; sourceTree = "<group>"; };
		073DBCB31D08D34F00A3CC06 /* Entities.png */ = {isa = PBXFileReference; lastKnownFileType = image.png; path = Entities.png; sourceTree = "<group>"; };
		073DBCB41D08D34F00A3CC06 /* Explosion.png */ = {isa = PBXFileReference; lastKnownFileType = image.png; path = Explosion.png; sourceTree = "<group>"; };
		073DBCB51D08D34F00A3CC06 /* FinishLine.png */ = {isa = PBXFileReference; lastKnownFileType = image.png; path = FinishLine.png; sourceTree = "<group>"; };
		073DBCB61D08D34F00A3CC06 /* Jungle.png */ = {isa = PBXFileReference; lastKnownFileType = image.png; path = Jungle.png; sourceTree = "<group>"; };
		073DBCB71D08D34F00A3CC06 /* Particle.png */ = {isa = PBXFileReference; lastKnownFileType = image.png; path = Particle.png; sourceTree = "<group>"; };
		073DBCB81D08D34F00A3CC06 /* TitleScreen.png */ = {isa = PBXFileReference; lastKnownFileType = image.png; path = TitleScreen.png; sourceTree = "<group>"; };
		073DBCC11D08D39700A3CC06 /* Add.frag */ = {isa = PBXFileReference; fileEncoding = 4; lastKnownFileType = sourcecode.glsl; path = Add.frag; sourceTree = "<group>"; };
		073DBCC21D08D39700A3CC06 /* Brightness.frag */ = {isa = PBXFileReference; fileEncoding = 4; lastKnownFileType = sourcecode.glsl; path = Brightness.frag; sourceTree = "<group>"; };
		073DBCC31D08D39700A3CC06 /* DownSample.frag */ = {isa = PBXFileReference; fileEncoding = 4; lastKnownFileType = sourcecode.glsl; path = DownSample.frag; sourceTree = "<group>"; };
		073DBCC41D08D39700A3CC06 /* Fullpass.vert */ = {isa = PBXFileReference; fileEncoding = 4; lastKnownFileType = sourcecode.glsl; path = Fullpass.vert; sourceTree = "<group>"; };
		073DBCC51D08D39700A3CC06 /* GuassianBlur.frag */ = {isa = PBXFileReference; fileEncoding = 4; lastKnownFileType = sourcecode.glsl; path = GuassianBlur.frag; sourceTree = "<group>"; };
		073DBCCC1D08D69C00A3CC06 /* Particle.hpp */ = {isa = PBXFileReference; fileEncoding = 4; lastKnownFileType = sourcecode.cpp.h; path = Particle.hpp; sourceTree = "<group>"; };
		073DBCD01D08DD5800A3CC06 /* Animation.cpp */ = {isa = PBXFileReference; fileEncoding = 4; lastKnownFileType = sourcecode.cpp.cpp; path = Animation.cpp; sourceTree = "<group>"; };
		073DBCD11D08DD5800A3CC06 /* Animation.hpp */ = {isa = PBXFileReference; fileEncoding = 4; lastKnownFileType = sourcecode.cpp.h; path = Animation.hpp; sourceTree = "<group>"; };
		073FC2C31CEE6A4A00FEB22B /* Label.cpp */ = {isa = PBXFileReference; fileEncoding = 4; lastKnownFileType = sourcecode.cpp.cpp; path = Label.cpp; sourceTree = "<group>"; };
		073FC2C41CEE6A4A00FEB22B /* Label.hpp */ = {isa = PBXFileReference; fileEncoding = 4; lastKnownFileType = sourcecode.cpp.h; path = Label.hpp; sourceTree = "<group>"; };
		073FC2C61CEE700300FEB22B /* Button.cpp */ = {isa = PBXFileReference; fileEncoding = 4; lastKnownFileType = sourcecode.cpp.cpp; path = Button.cpp; sourceTree = "<group>"; };
		073FC2C71CEE700300FEB22B /* Button.hpp */ = {isa = PBXFileReference; fileEncoding = 4; lastKnownFileType = sourcecode.cpp.h; path = Button.hpp; sourceTree = "<group>"; };
		073FC2CF1CEE7FBB00FEB22B /* SettingsState.cpp */ = {isa = PBXFileReference; fileEncoding = 4; lastKnownFileType = sourcecode.cpp.cpp; path = SettingsState.cpp; sourceTree = "<group>"; };
		073FC2D01CEE7FBB00FEB22B /* SettingsState.hpp */ = {isa = PBXFileReference; fileEncoding = 4; lastKnownFileType = sourcecode.cpp.h; path = SettingsState.hpp; sourceTree = "<group>"; };
		0743C6B31CEFCE040080E356 /* DataTables.cpp */ = {isa = PBXFileReference; fileEncoding = 4; lastKnownFileType = sourcecode.cpp.cpp; path = DataTables.cpp; sourceTree = "<group>"; };
		0743C6B41CEFCE040080E356 /* DataTables.hpp */ = {isa = PBXFileReference; fileEncoding = 4; lastKnownFileType = sourcecode.cpp.h; path = DataTables.hpp; sourceTree = "<group>"; };
		0743C6B61CEFD0200080E356 /* Pickup.cpp */ = {isa = PBXFileReference; fileEncoding = 4; lastKnownFileType = sourcecode.cpp.cpp; path = Pickup.cpp; sourceTree = "<group>"; };
		0743C6B71CEFD0200080E356 /* Pickup.hpp */ = {isa = PBXFileReference; fileEncoding = 4; lastKnownFileType = sourcecode.cpp.h; path = Pickup.hpp; sourceTree = "<group>"; };
		0743C6B91CEFD3D30080E356 /* Projectile.cpp */ = {isa = PBXFileReference; fileEncoding = 4; lastKnownFileType = sourcecode.cpp.cpp; path = Projectile.cpp; sourceTree = "<group>"; };
		0743C6BA1CEFD3D30080E356 /* Projectile.hpp */ = {isa = PBXFileReference; fileEncoding = 4; lastKnownFileType = sourcecode.cpp.h; path = Projectile.hpp; sourceTree = "<group>"; };
		07468E0A1CE542C70089667C /* CommandQueue.cpp */ = {isa = PBXFileReference; fileEncoding = 4; lastKnownFileType = sourcecode.cpp.cpp; path = CommandQueue.cpp; sourceTree = "<group>"; };
		07468E0B1CE542C70089667C /* CommandQueue.hpp */ = {isa = PBXFileReference; fileEncoding = 4; lastKnownFileType = sourcecode.cpp.h; path = CommandQueue.hpp; sourceTree = "<group>"; };
		07468E0D1CE546AF0089667C /* Player.cpp */ = {isa = PBXFileReference; fileEncoding = 4; lastKnownFileType = sourcecode.cpp.cpp; path = Player.cpp; sourceTree = "<group>"; };
		07468E0E1CE546AF0089667C /* Player.hpp */ = {isa = PBXFileReference; fileEncoding = 4; lastKnownFileType = sourcecode.cpp.h; path = Player.hpp; sourceTree = "<group>"; };
		07468E141CE579690089667C /* State.cpp */ = {isa = PBXFileReference; fileEncoding = 4; lastKnownFileType = sourcecode.cpp.cpp; path = State.cpp; sourceTree = "<group>"; };
		07468E151CE579690089667C /* State.hpp */ = {isa = PBXFileReference; fileEncoding = 4; lastKnownFileType = sourcecode.cpp.h; path = State.hpp; sourceTree = "<group>"; };
		07468E181CE579950089667C /* StateIdentifiers.hpp */ = {isa = PBXFileReference; fileEncoding = 4; lastKnownFileType = sourcecode.cpp.h; path = StateIdentifiers.hpp; sourceTree = "<group>"; };
		07468E1A1CE57F020089667C /* StateStack.cpp */ = {isa = PBXFileReference; fileEncoding = 4; lastKnownFileType = sourcecode.cpp.cpp; path = StateStack.cpp; sourceTree = "<group>"; };
		07468E1B1CE57F020089667C /* StateStack.hpp */ = {isa = PBXFileReference; fileEncoding = 4; lastKnownFileType = sourcecode.cpp.h; path = StateStack.hpp; sourceTree = "<group>"; };
		0752C7E11CE19AD100EF1365 /* SpriteNode.cpp */ = {isa = PBXFileReference; fileEncoding = 4; lastKnownFileType = sourcecode.cpp.cpp; path = SpriteNode.cpp; sourceTree = "<group>"; };
		0752C7E21CE19AD100EF1365 /* SpriteNode.hpp */ = {isa = PBXFileReference; fileEncoding = 4; lastKnownFileType = sourcecode.cpp.h; path = SpriteNode.hpp; sourceTree = "<group>"; };
		0752C7EC1CE1A39300EF1365 /* World.cpp */ = {isa = PBXFileReference; fileEncoding = 4; lastKnownFileType = sourcecode.cpp.cpp; path = World.cpp; sourceTree = "<group>"; };
		0752C7ED1CE1A39300EF1365 /* World.hpp */ = {isa = PBXFileReference; fileEncoding = 4; lastKnownFileType = sourcecode.cpp.h; path = World.hpp; sourceTree = "<group>"; };
		07551B1E1CE29B4900D1CE8F /* Sansation.ttf */ = {isa = PBXFileReference; lastKnownFileType = file; path = Sansation.ttf; sourceTree = "<group>"; };
		076998E01CF1A41A00554CF5 /* TextNode.cpp */ = {isa = PBXFileReference; fileEncoding = 4; lastKnownFileType = sourcecode.cpp.cpp; path = TextNode.cpp; sourceTree = "<group>"; };
		076998E11CF1A41A00554CF5 /* TextNode.hpp */ = {isa = PBXFileReference; fileEncoding = 4; lastKnownFileType = sourcecode.cpp.h; path = TextNode.hpp; sourceTree = "<group>"; };
		07A999971CED6C6700C5FFFD /* Component.cpp */ = {isa = PBXFileReference; fileEncoding = 4; lastKnownFileType = sourcecode.cpp.cpp; path = Component.cpp; sourceTree = "<group>"; };
		07A999981CED6C6700C5FFFD /* Component.hpp */ = {isa = PBXFileReference; fileEncoding = 4; lastKnownFileType = sourcecode.cpp.h; path = Component.hpp; sourceTree = "<group>"; };
		07A9999A1CED6F4F00C5FFFD /* Container.cpp */ = {isa = PBXFileReference; fileEncoding = 4; lastKnownFileType = sourcecode.cpp.cpp; path = Container.cpp; sourceTree = "<group>"; };
		07A9999B1CED6F4F00C5FFFD /* Container.hpp */ = {isa = PBXFileReference; fileEncoding = 4; lastKnownFileType = sourcecode.cpp.h; path = Container.hpp; sourceTree = "<group>"; };
		07BC13891CEC160E00615DBE /* Utility.cpp */ = {isa = PBXFileReference; fileEncoding = 4; lastKnownFileType = sourcecode.cpp.cpp; path = Utility.cpp; sourceTree = "<group>"; };
		07BC138A1CEC160E00615DBE /* Utility.hpp */ = {isa = PBXFileReference; fileEncoding = 4; lastKnownFileType = sourcecode.cpp.h; path = Utility.hpp; sourceTree = "<group>"; };
		07BC138C1CEC16AF00615DBE /* Utility.inl */ = {isa = PBXFileReference; fileEncoding = 4; lastKnownFileType = text; path = Utility.inl; sourceTree = "<group>"; };
		07BC138E1CEC189A00615DBE /* GameState.cpp */ = {isa = PBXFileReference; fileEncoding = 4; lastKnownFileType = sourcecode.cpp.cpp; path = GameState.cpp; sourceTree = "<group>"; };
		07BC138F1CEC189A00615DBE /* GameState.hpp */ = {isa = PBXFileReference; fileEncoding = 4; lastKnownFileType = sourcecode.cpp.h; path = GameState.hpp; sourceTree = "<group>"; };
		07BC13911CEC1B9C00615DBE /* TitleState.cpp */ = {isa = PBXFileReference; fileEncoding = 4; lastKnownFileType = sourcecode.cpp.cpp; path = TitleState.cpp; sourceTree = "<group>"; };
		07BC13921CEC1B9C00615DBE /* TitleState.hpp */ = {isa = PBXFileReference; fileEncoding = 4; lastKnownFileType = sourcecode.cpp.h; path = TitleState.hpp; sourceTree = "<group>"; };
		07BC13941CEC25BE00615DBE /* MenuState.cpp */ = {isa = PBXFileReference; fileEncoding = 4; lastKnownFileType = sourcecode.cpp.cpp; path = MenuState.cpp; sourceTree = "<group>"; };
		07BC13951CEC25BE00615DBE /* MenuState.hpp */ = {isa = PBXFileReference; fileEncoding = 4; lastKnownFileType = sourcecode.cpp.h; path = MenuState.hpp; sourceTree = "<group>"; };
		07BC13971CEC310B00615DBE /* PauseState.cpp */ = {isa = PBXFileReference; fileEncoding = 4; lastKnownFileType = sourcecode.cpp.cpp; path = PauseState.cpp; sourceTree = "<group>"; };
		07BC13981CEC310B00615DBE /* PauseState.hpp */ = {isa = PBXFileReference; fileEncoding = 4; lastKnownFileType = sourcecode.cpp.h; path = PauseState.hpp; sourceTree = "<group>"; };
		07BEA7F51CED29060023120D /* ParallelTask.cpp */ = {isa = PBXFileReference; fileEncoding = 4; lastKnownFileType = sourcecode.cpp.cpp; path = ParallelTask.cpp; sourceTree = "<group>"; };
		07BEA7F61CED29060023120D /* ParallelTask.hpp */ = {isa = PBXFileReference; fileEncoding = 4; lastKnownFileType = sourcecode.cpp.h; path = ParallelTask.hpp; sourceTree = "<group>"; };
		07BEA7F81CED2BA50023120D /* LoadingState.cpp */ = {isa = PBXFileReference; fileEncoding = 4; lastKnownFileType = sourcecode.cpp.cpp; path = LoadingState.cpp; sourceTree = "<group>"; };
		07BEA7F91CED2BA50023120D /* LoadingState.hpp */ = {isa = PBXFileReference; fileEncoding = 4; lastKnownFileType = sourcecode.cpp.h; path = LoadingState.hpp; sourceTree = "<group>"; };
		9242CAA91CD8544800AC8A64 /* Entity.cpp */ = {isa = PBXFileReference; fileEncoding = 4; lastKnownFileType = sourcecode.cpp.cpp; path = Entity.cpp; sourceTree = "<group>"; };
		9242CAAA1CD8544800AC8A64 /* Entity.hpp */ = {isa = PBXFileReference; fileEncoding = 4; lastKnownFileType = sourcecode.cpp.h; path = Entity.hpp; sourceTree = "<group>"; };
		9242CAAC1CD8562800AC8A64 /* Aircraft.cpp */ = {isa = PBXFileReference; fileEncoding = 4; lastKnownFileType = sourcecode.cpp.cpp; path = Aircraft.cpp; sourceTree = "<group>"; };
		9242CAAD1CD8562800AC8A64 /* Aircraft.hpp */ = {isa = PBXFileReference; fileEncoding = 4; lastKnownFileType = sourcecode.cpp.h; path = Aircraft.hpp; sourceTree = "<group>"; };
		9242CAB21CD85A5600AC8A64 /* SceneNode.cpp */ = {isa = PBXFileReference; fileEncoding = 4; lastKnownFileType = sourcecode.cpp.cpp; path = SceneNode.cpp; sourceTree = "<group>"; };
		9242CAB31CD85A5600AC8A64 /* SceneNode.hpp */ = {isa = PBXFileReference; fileEncoding = 4; lastKnownFileType = sourcecode.cpp.h; path = SceneNode.hpp; sourceTree = "<group>"; };
		9256C2211D2580870030D88E /* MenuTheme.ogg */ = {isa = PBXFileReference; lastKnownFileType = file; path = MenuTheme.ogg; sourceTree = "<group>"; };
		9256C2221D2580870030D88E /* MissionTheme.ogg */ = {isa = PBXFileReference; lastKnownFileType = file; path = MissionTheme.ogg; sourceTree = "<group>"; };
		9266C7571CD711C10021AF29 /* ResourceHolder.inl */ = {isa = PBXFileReference; fileEncoding = 4; lastKnownFileType = text; path = ResourceHolder.inl; sourceTree = "<group>"; };
		9266C7581CD711C10021AF29 /* ResourceHolder.hpp */ = {isa = PBXFileReference; fileEncoding = 4; lastKnownFileType = sourcecode.cpp.h; path = ResourceHolder.hpp; sourceTree = "<group>"; };
		926FBF741CDAF15200641B40 /* ResourceIdentifiers.hpp */ = {isa = PBXFileReference; fileEncoding = 4; lastKnownFileType = sourcecode.cpp.h; path = ResourceIdentifiers.hpp; sourceTree = "<group>"; };
		9296BA0D1D1FE86800A9B6B4 /* PostEffect.cpp */ = {isa = PBXFileReference; fileEncoding = 4; lastKnownFileType = sourcecode.cpp.cpp; path = PostEffect.cpp; sourceTree = "<group>"; };
		9296BA0E1D1FE86800A9B6B4 /* PostEffect.hpp */ = {isa = PBXFileReference; fileEncoding = 4; lastKnownFileType = sourcecode.cpp.h; path = PostEffect.hpp; sourceTree = "<group>"; };
		9296BA101D1FEC4D00A9B6B4 /* BloomEffect.cpp */ = {isa = PBXFileReference; fileEncoding = 4; lastKnownFileType = sourcecode.cpp.cpp; path = BloomEffect.cpp; sourceTree = "<group>"; };
		9296BA111D1FEC4D00A9B6B4 /* BloomEffect.hpp */ = {isa = PBXFileReference; fileEncoding = 4; lastKnownFileType = sourcecode.cpp.h; path = BloomEffect.hpp; sourceTree = "<group>"; };
		9296BBE31D256948002DF21A /* AlliedGunfire.wav */ = {isa = PBXFileReference; lastKnownFileType = audio.wav; path = AlliedGunfire.wav; sourceTree = "<group>"; };
		9296BBE41D256948002DF21A /* Button.wav */ = {isa = PBXFileReference; lastKnownFileType = audio.wav; path = Button.wav; sourceTree = "<group>"; };
		9296BBE51D256948002DF21A /* CollectPickup.wav */ = {isa = PBXFileReference; lastKnownFileType = audio.wav; path = CollectPickup.wav; sourceTree = "<group>"; };
		9296BBE61D256948002DF21A /* EnemyGunfire.wav */ = {isa = PBXFileReference; lastKnownFileType = audio.wav; path = EnemyGunfire.wav; sourceTree = "<group>"; };
		9296BBE71D256948002DF21A /* Explosion1.wav */ = {isa = PBXFileReference; lastKnownFileType = audio.wav; path = Explosion1.wav; sourceTree = "<group>"; };
		9296BBE81D256948002DF21A /* Explosion2.wav */ = {isa = PBXFileReference; lastKnownFileType = audio.wav; path = Explosion2.wav; sourceTree = "<group>"; };
		9296BBE91D256948002DF21A /* LaunchMissile.wav */ = {isa = PBXFileReference; lastKnownFileType = audio.wav; path = LaunchMissile.wav; sourceTree = "<group>"; };
		9296BBF21D256AE5002DF21A /* MusicPlayer.cpp */ = {isa = PBXFileReference; fileEncoding = 4; lastKnownFileType = sourcecode.cpp.cpp; path = MusicPlayer.cpp; sourceTree = "<group>"; };
		9296BBF31D256AE5002DF21A /* MusicPlayer.hpp */ = {isa = PBXFileReference; fileEncoding = 4; lastKnownFileType = sourcecode.cpp.h; path = MusicPlayer.hpp; sourceTree = "<group>"; };
		9296BBF51D256E46002DF21A /* SoundPlayer.cpp */ = {isa = PBXFileReference; fileEncoding = 4; lastKnownFileType = sourcecode.cpp.cpp; path = SoundPlayer.cpp; sourceTree = "<group>"; };
		9296BBF61D256E46002DF21A /* SoundPlayer.hpp */ = {isa = PBXFileReference; fileEncoding = 4; lastKnownFileType = sourcecode.cpp.h; path = SoundPlayer.hpp; sourceTree = "<group>"; };
		92BEE98D1D1E6423007E3F97 /* EmitterNode.cpp */ = {isa = PBXFileReference; fileEncoding = 4; lastKnownFileType = sourcecode.cpp.cpp; path = EmitterNode.cpp; sourceTree = "<group>"; };
		92BEE98E1D1E6423007E3F97 /* EmitterNode.hpp */ = {isa = PBXFileReference; fileEncoding = 4; lastKnownFileType = sourcecode.cpp.h; path = EmitterNode.hpp; sourceTree = "<group>"; };
		92BEE9901D1E6583007E3F97 /* ParticleNode.cpp */ = {isa = PBXFileReference; fileEncoding = 4; lastKnownFileType = sourcecode.cpp.cpp; path = ParticleNode.cpp; sourceTree = "<group>"; };
		92BEE9911D1E6583007E3F97 /* ParticleNode.hpp */ = {isa = PBXFileReference; fileEncoding = 4; lastKnownFileType = sourcecode.cpp.h; path = ParticleNode.hpp; sourceTree = "<group>"; };
		92D697BD1CD31272000CF4BB /* Application.cpp */ = {isa = PBXFileReference; fileEncoding = 4; lastKnownFileType = sourcecode.cpp.cpp; path = Application.cpp; sourceTree = "<group>"; };
		92D697BE1CD31272000CF4BB /* Application.hpp */ = {isa = PBXFileReference; fileEncoding = 4; lastKnownFileType = sourcecode.cpp.h; path = Application.hpp; sourceTree = "<group>"; };
		92E85F1C1D27745A00FF80E3 /* SoundNode.cpp */ = {isa = PBXFileReference; fileEncoding = 4; lastKnownFileType = sourcecode.cpp.cpp; path = SoundNode.cpp; sourceTree = "<group>"; };
		92E85F1D1D27745A00FF80E3 /* SoundNode.hpp */ = {isa = PBXFileReference; fileEncoding = 4; lastKnownFileType = sourcecode.cpp.h; path = SoundNode.hpp; sourceTree = "<group>"; };
		92E85F1F1D278D3A00FF80E3 /* MultiplayerGameState.cpp */ = {isa = PBXFileReference; fileEncoding = 4; lastKnownFileType = sourcecode.cpp.cpp; path = MultiplayerGameState.cpp; sourceTree = "<group>"; };
		92E85F201D278D3A00FF80E3 /* MultiplayerGameState.hpp */ = {isa = PBXFileReference; fileEncoding = 4; lastKnownFileType = sourcecode.cpp.h; path = MultiplayerGameState.hpp; sourceTree = "<group>"; };
		92E85F241D278DC900FF80E3 /* NetworkProtocol.hpp */ = {isa = PBXFileReference; fileEncoding = 4; lastKnownFileType = sourcecode.cpp.h; path = NetworkProtocol.hpp; sourceTree = "<group>"; };
		92E85F261D278FBA00FF80E3 /* GameServer.cpp */ = {isa = PBXFileReference; fileEncoding = 4; lastKnownFileType = sourcecode.cpp.cpp; path = GameServer.cpp; sourceTree = "<group>"; };
		92E85F271D278FBA00FF80E3 /* GameServer.hpp */ = {isa = PBXFileReference; fileEncoding = 4; lastKnownFileType = sourcecode.cpp.h; path = GameServer.hpp; sourceTree = "<group>"; };
		92F1302F1CD06F710009C29C /* SpaceWars.app */ = {isa = PBXFileReference; explicitFileType = wrapper.application; includeInIndex = 0; path = SpaceWars.app; sourceTree = BUILT_PRODUCTS_DIR; };
		92F130331CD06F710009C29C /* SpaceWars-Info.plist */ = {isa = PBXFileReference; lastKnownFileType = text.plist.xml; path = "SpaceWars-Info.plist"; sourceTree = "<group>"; };
		92F130341CD06F710009C29C /* ResourcePath.mm */ = {isa = PBXFileReference; lastKnownFileType = sourcecode.cpp.objcpp; path = ResourcePath.mm; sourceTree = "<group>"; };
		92F130361CD06F710009C29C /* ResourcePath.hpp */ = {isa = PBXFileReference; lastKnownFileType = sourcecode.cpp.h; path = ResourcePath.hpp; sourceTree = "<group>"; };
		92F130371CD06F710009C29C /* Main.cpp */ = {isa = PBXFileReference; lastKnownFileType = sourcecode.cpp.cpp; path = Main.cpp; sourceTree = "<group>"; };
/* End PBXFileReference section */

/* Begin PBXFrameworksBuildPhase section */
		92F1302B1CD06F710009C29C /* Frameworks */ = {
			isa = PBXFrameworksBuildPhase;
			buildActionMask = 2147483647;
			files = (
			);
			runOnlyForDeploymentPostprocessing = 0;
		};
/* End PBXFrameworksBuildPhase section */

/* Begin PBXGroup section */
		072236881CE2DC9A0086A0CF /* Commands */ = {
			isa = PBXGroup;
			children = (
				072236891CE2DCA60086A0CF /* Command.cpp */,
				0722368A1CE2DCA60086A0CF /* Command.hpp */,
				0722368D1CE2DDD40086A0CF /* Category.hpp */,
				07468E0A1CE542C70089667C /* CommandQueue.cpp */,
				07468E0B1CE542C70089667C /* CommandQueue.hpp */,
			);
			name = Commands;
			sourceTree = "<group>";
		};
		073DBCC01D08D38900A3CC06 /* Shaders */ = {
			isa = PBXGroup;
			children = (
				073DBCC11D08D39700A3CC06 /* Add.frag */,
				073DBCC21D08D39700A3CC06 /* Brightness.frag */,
				073DBCC31D08D39700A3CC06 /* DownSample.frag */,
				073DBCC41D08D39700A3CC06 /* Fullpass.vert */,
				073DBCC51D08D39700A3CC06 /* GuassianBlur.frag */,
			);
			name = Shaders;
			sourceTree = "<group>";
		};
		073DBCCF1D08DD3500A3CC06 /* Animation */ = {
			isa = PBXGroup;
			children = (
				073DBCD01D08DD5800A3CC06 /* Animation.cpp */,
				073DBCD11D08DD5800A3CC06 /* Animation.hpp */,
			);
			name = Animation;
			sourceTree = "<group>";
		};
		0743C6B21CEFCDF70080E356 /* Config */ = {
			isa = PBXGroup;
			children = (
				0743C6B31CEFCE040080E356 /* DataTables.cpp */,
				0743C6B41CEFCE040080E356 /* DataTables.hpp */,
			);
			name = Config;
			sourceTree = "<group>";
		};
		07468E101CE579010089667C /* States */ = {
			isa = PBXGroup;
			children = (
				07468E141CE579690089667C /* State.cpp */,
				07468E151CE579690089667C /* State.hpp */,
				07468E181CE579950089667C /* StateIdentifiers.hpp */,
				07468E1A1CE57F020089667C /* StateStack.cpp */,
				07468E1B1CE57F020089667C /* StateStack.hpp */,
				07BC138E1CEC189A00615DBE /* GameState.cpp */,
				07BC138F1CEC189A00615DBE /* GameState.hpp */,
				07BC13911CEC1B9C00615DBE /* TitleState.cpp */,
				07BC13921CEC1B9C00615DBE /* TitleState.hpp */,
				07BC13941CEC25BE00615DBE /* MenuState.cpp */,
				07BC13951CEC25BE00615DBE /* MenuState.hpp */,
				07BC13971CEC310B00615DBE /* PauseState.cpp */,
				07BC13981CEC310B00615DBE /* PauseState.hpp */,
				07BEA7F81CED2BA50023120D /* LoadingState.cpp */,
				07BEA7F91CED2BA50023120D /* LoadingState.hpp */,
				073FC2CF1CEE7FBB00FEB22B /* SettingsState.cpp */,
				073FC2D01CEE7FBB00FEB22B /* SettingsState.hpp */,
				0705730F1CFE673800C17EDF /* GameOverState.cpp */,
				070573101CFE673800C17EDF /* GameOverState.hpp */,
				92E85F1F1D278D3A00FF80E3 /* MultiplayerGameState.cpp */,
				92E85F201D278D3A00FF80E3 /* MultiplayerGameState.hpp */,
			);
			name = States;
			sourceTree = "<group>";
		};
		0752C7E81CE1A26100EF1365 /* Utils */ = {
			isa = PBXGroup;
			children = (
				07BC13891CEC160E00615DBE /* Utility.cpp */,
				07BC138A1CEC160E00615DBE /* Utility.hpp */,
				07BC138C1CEC16AF00615DBE /* Utility.inl */,
			);
			name = Utils;
			sourceTree = "<group>";
		};
		07551B201CE29B6000D1CE8F /* Textures */ = {
			isa = PBXGroup;
			children = (
				073DBCB21D08D34F00A3CC06 /* Buttons.png */,
				073DBCB31D08D34F00A3CC06 /* Entities.png */,
				073DBCB41D08D34F00A3CC06 /* Explosion.png */,
				073DBCB51D08D34F00A3CC06 /* FinishLine.png */,
				073DBCB61D08D34F00A3CC06 /* Jungle.png */,
				073DBCB71D08D34F00A3CC06 /* Particle.png */,
				073DBCB81D08D34F00A3CC06 /* TitleScreen.png */,
			);
			name = Textures;
			sourceTree = "<group>";
		};
		07A999951CED6B9E00C5FFFD /* Tasks */ = {
			isa = PBXGroup;
			children = (
				07BEA7F51CED29060023120D /* ParallelTask.cpp */,
				07BEA7F61CED29060023120D /* ParallelTask.hpp */,
			);
			name = Tasks;
			sourceTree = "<group>";
		};
		07A999961CED6C4600C5FFFD /* GUI */ = {
			isa = PBXGroup;
			children = (
				07A999971CED6C6700C5FFFD /* Component.cpp */,
				07A999981CED6C6700C5FFFD /* Component.hpp */,
				07A9999A1CED6F4F00C5FFFD /* Container.cpp */,
				07A9999B1CED6F4F00C5FFFD /* Container.hpp */,
				073FC2C31CEE6A4A00FEB22B /* Label.cpp */,
				073FC2C41CEE6A4A00FEB22B /* Label.hpp */,
				073FC2C61CEE700300FEB22B /* Button.cpp */,
				073FC2C71CEE700300FEB22B /* Button.hpp */,
			);
			name = GUI;
			sourceTree = "<group>";
		};
		9242CAAF1CD8591E00AC8A64 /* ResourceLoaders */ = {
			isa = PBXGroup;
			children = (
				92F130341CD06F710009C29C /* ResourcePath.mm */,
				92F130361CD06F710009C29C /* ResourcePath.hpp */,
				9266C7571CD711C10021AF29 /* ResourceHolder.inl */,
				9266C7581CD711C10021AF29 /* ResourceHolder.hpp */,
				926FBF741CDAF15200641B40 /* ResourceIdentifiers.hpp */,
			);
			name = ResourceLoaders;
			sourceTree = "<group>";
		};
		9242CAB01CD8593000AC8A64 /* Entities */ = {
			isa = PBXGroup;
			children = (
				073DBCCC1D08D69C00A3CC06 /* Particle.hpp */,
				9242CAA91CD8544800AC8A64 /* Entity.cpp */,
				9242CAAA1CD8544800AC8A64 /* Entity.hpp */,
				9242CAAC1CD8562800AC8A64 /* Aircraft.cpp */,
				9242CAAD1CD8562800AC8A64 /* Aircraft.hpp */,
				0743C6B61CEFD0200080E356 /* Pickup.cpp */,
				0743C6B71CEFD0200080E356 /* Pickup.hpp */,
				0743C6B91CEFD3D30080E356 /* Projectile.cpp */,
				0743C6BA1CEFD3D30080E356 /* Projectile.hpp */,
			);
			name = Entities;
			sourceTree = "<group>";
		};
		9242CAB11CD85A1900AC8A64 /* Nodes */ = {
			isa = PBXGroup;
			children = (
				92BEE98D1D1E6423007E3F97 /* EmitterNode.cpp */,
				92BEE98E1D1E6423007E3F97 /* EmitterNode.hpp */,
				0752C7E11CE19AD100EF1365 /* SpriteNode.cpp */,
				0752C7E21CE19AD100EF1365 /* SpriteNode.hpp */,
				9242CAB21CD85A5600AC8A64 /* SceneNode.cpp */,
				9242CAB31CD85A5600AC8A64 /* SceneNode.hpp */,
				076998E01CF1A41A00554CF5 /* TextNode.cpp */,
				076998E11CF1A41A00554CF5 /* TextNode.hpp */,
				92BEE9901D1E6583007E3F97 /* ParticleNode.cpp */,
				92BEE9911D1E6583007E3F97 /* ParticleNode.hpp */,
				92E85F1C1D27745A00FF80E3 /* SoundNode.cpp */,
				92E85F1D1D27745A00FF80E3 /* SoundNode.hpp */,
			);
			name = Nodes;
			sourceTree = "<group>";
		};
		926FBF761CDAFABA00641B40 /* Core */ = {
			isa = PBXGroup;
			children = (
				92D697BE1CD31272000CF4BB /* Application.hpp */,
				92D697BD1CD31272000CF4BB /* Application.cpp */,
				0752C7EC1CE1A39300EF1365 /* World.cpp */,
				0752C7ED1CE1A39300EF1365 /* World.hpp */,
				07468E0D1CE546AF0089667C /* Player.cpp */,
				07468E0E1CE546AF0089667C /* Player.hpp */,
			);
			name = Core;
			sourceTree = "<group>";
		};
		9296BA0C1D1FE85700A9B6B4 /* Effects */ = {
			isa = PBXGroup;
			children = (
				9296BA0D1D1FE86800A9B6B4 /* PostEffect.cpp */,
				9296BA0E1D1FE86800A9B6B4 /* PostEffect.hpp */,
				9296BA101D1FEC4D00A9B6B4 /* BloomEffect.cpp */,
				9296BA111D1FEC4D00A9B6B4 /* BloomEffect.hpp */,
			);
			name = Effects;
			sourceTree = "<group>";
		};
		9296BBDF1D256926002DF21A /* Music */ = {
			isa = PBXGroup;
			children = (
				9256C2221D2580870030D88E /* MissionTheme.ogg */,
				9256C2211D2580870030D88E /* MenuTheme.ogg */,
			);
			name = Music;
			sourceTree = "<group>";
		};
		9296BBE21D256939002DF21A /* Sound */ = {
			isa = PBXGroup;
			children = (
				9296BBE31D256948002DF21A /* AlliedGunfire.wav */,
				9296BBE41D256948002DF21A /* Button.wav */,
				9296BBE51D256948002DF21A /* CollectPickup.wav */,
				9296BBE61D256948002DF21A /* EnemyGunfire.wav */,
				9296BBE71D256948002DF21A /* Explosion1.wav */,
				9296BBE81D256948002DF21A /* Explosion2.wav */,
				9296BBE91D256948002DF21A /* LaunchMissile.wav */,
			);
			name = Sound;
			sourceTree = "<group>";
		};
		9296BBF11D256AD7002DF21A /* Music */ = {
			isa = PBXGroup;
			children = (
				9296BBF21D256AE5002DF21A /* MusicPlayer.cpp */,
				9296BBF31D256AE5002DF21A /* MusicPlayer.hpp */,
				9296BBF51D256E46002DF21A /* SoundPlayer.cpp */,
				9296BBF61D256E46002DF21A /* SoundPlayer.hpp */,
			);
			name = Music;
			sourceTree = "<group>";
		};
		92E85F221D278D8E00FF80E3 /* Server */ = {
			isa = PBXGroup;
			children = (
				92E85F241D278DC900FF80E3 /* NetworkProtocol.hpp */,
				92E85F261D278FBA00FF80E3 /* GameServer.cpp */,
				92E85F271D278FBA00FF80E3 /* GameServer.hpp */,
			);
			name = Server;
			sourceTree = "<group>";
		};
		92F130251CD06F710009C29C = {
			isa = PBXGroup;
			children = (
				92F130311CD06F710009C29C /* SpaceWars */,
				92F130301CD06F710009C29C /* Products */,
			);
			sourceTree = "<group>";
		};
		92F130301CD06F710009C29C /* Products */ = {
			isa = PBXGroup;
			children = (
				92F1302F1CD06F710009C29C /* SpaceWars.app */,
			);
			name = Products;
			sourceTree = "<group>";
		};
		92F130311CD06F710009C29C /* SpaceWars */ = {
			isa = PBXGroup;
			children = (
				92E85F221D278D8E00FF80E3 /* Server */,
				9296BBF11D256AD7002DF21A /* Music */,
				9296BA0C1D1FE85700A9B6B4 /* Effects */,
				073DBCCF1D08DD3500A3CC06 /* Animation */,
				0743C6B21CEFCDF70080E356 /* Config */,
				07A999961CED6C4600C5FFFD /* GUI */,
				07A999951CED6B9E00C5FFFD /* Tasks */,
				07468E101CE579010089667C /* States */,
				072236881CE2DC9A0086A0CF /* Commands */,
				0752C7E81CE1A26100EF1365 /* Utils */,
				926FBF761CDAFABA00641B40 /* Core */,
				9242CAB01CD8593000AC8A64 /* Entities */,
				9242CAAF1CD8591E00AC8A64 /* ResourceLoaders */,
				9242CAB11CD85A1900AC8A64 /* Nodes */,
				92F130371CD06F710009C29C /* Main.cpp */,
				92F130391CD06F710009C29C /* Resources */,
				92F130321CD06F710009C29C /* Supporting Files */,
			);
			path = SpaceWars;
			sourceTree = "<group>";
		};
		92F130321CD06F710009C29C /* Supporting Files */ = {
			isa = PBXGroup;
			children = (
				92F130331CD06F710009C29C /* SpaceWars-Info.plist */,
			);
			name = "Supporting Files";
			sourceTree = "<group>";
		};
		92F130391CD06F710009C29C /* Resources */ = {
			isa = PBXGroup;
			children = (
				9296BBE21D256939002DF21A /* Sound */,
				9296BBDF1D256926002DF21A /* Music */,
				073DBCC01D08D38900A3CC06 /* Shaders */,
				07551B201CE29B6000D1CE8F /* Textures */,
				07551B1E1CE29B4900D1CE8F /* Sansation.ttf */,
			);
			name = Resources;
			sourceTree = "<group>";
		};
/* End PBXGroup section */

/* Begin PBXNativeTarget section */
		92F1302E1CD06F710009C29C /* SpaceWars */ = {
			isa = PBXNativeTarget;
			buildConfigurationList = 92F130441CD06F710009C29C /* Build configuration list for PBXNativeTarget "SpaceWars" */;
			buildPhases = (
				92F1302A1CD06F710009C29C /* Sources */,
				92F1302B1CD06F710009C29C /* Frameworks */,
				92F1302C1CD06F710009C29C /* Resources */,
				92F1302D1CD06F710009C29C /* ShellScript */,
			);
			buildRules = (
			);
			dependencies = (
			);
			name = SpaceWars;
			productName = SpaceWars;
			productReference = 92F1302F1CD06F710009C29C /* SpaceWars.app */;
			productType = "com.apple.product-type.application";
		};
/* End PBXNativeTarget section */

/* Begin PBXProject section */
		92F130261CD06F710009C29C /* Project object */ = {
			isa = PBXProject;
			attributes = {
				LastUpgradeCheck = 0630;
				ORGANIZATIONNAME = mebobby;
				TargetAttributes = {
					92F1302E1CD06F710009C29C = {
						CreatedOnToolsVersion = 6.3;
					};
				};
			};
			buildConfigurationList = 92F130291CD06F710009C29C /* Build configuration list for PBXProject "SpaceWars" */;
			compatibilityVersion = "Xcode 3.2";
			developmentRegion = English;
			hasScannedForEncodings = 0;
			knownRegions = (
				en,
			);
			mainGroup = 92F130251CD06F710009C29C;
			productRefGroup = 92F130301CD06F710009C29C /* Products */;
			projectDirPath = "";
			projectRoot = "";
			targets = (
				92F1302E1CD06F710009C29C /* SpaceWars */,
			);
		};
/* End PBXProject section */

/* Begin PBXResourcesBuildPhase section */
		92F1302C1CD06F710009C29C /* Resources */ = {
			isa = PBXResourcesBuildPhase;
			buildActionMask = 2147483647;
			files = (
				9296BBEB1D256948002DF21A /* Button.wav in Resources */,
				073DBCBA1D08D34F00A3CC06 /* Entities.png in Resources */,
				073DBCBC1D08D34F00A3CC06 /* FinishLine.png in Resources */,
				9296BBED1D256948002DF21A /* EnemyGunfire.wav in Resources */,
				9296BBEE1D256948002DF21A /* Explosion1.wav in Resources */,
				9296BBEA1D256948002DF21A /* AlliedGunfire.wav in Resources */,
				9256C2241D2581EC0030D88E /* MenuTheme.ogg in Resources */,
				073DBCBD1D08D34F00A3CC06 /* Jungle.png in Resources */,
				9256C2231D2581EA0030D88E /* MissionTheme.ogg in Resources */,
				073DBCCA1D08D39700A3CC06 /* GuassianBlur.frag in Resources */,
				073DBCBE1D08D34F00A3CC06 /* Particle.png in Resources */,
				073DBCBF1D08D34F00A3CC06 /* TitleScreen.png in Resources */,
				9296BBF01D256948002DF21A /* LaunchMissile.wav in Resources */,
				073DBCC61D08D39700A3CC06 /* Add.frag in Resources */,
				073DBCC81D08D39700A3CC06 /* DownSample.frag in Resources */,
				073DBCC71D08D39700A3CC06 /* Brightness.frag in Resources */,
				073DBCBB1D08D34F00A3CC06 /* Explosion.png in Resources */,
				07551B1F1CE29B4900D1CE8F /* Sansation.ttf in Resources */,
				9296BBEF1D256948002DF21A /* Explosion2.wav in Resources */,
				073DBCC91D08D39700A3CC06 /* Fullpass.vert in Resources */,
				073DBCB91D08D34F00A3CC06 /* Buttons.png in Resources */,
				9296BBEC1D256948002DF21A /* CollectPickup.wav in Resources */,
			);
			runOnlyForDeploymentPostprocessing = 0;
		};
/* End PBXResourcesBuildPhase section */

/* Begin PBXShellScriptBuildPhase section */
		92F1302D1CD06F710009C29C /* ShellScript */ = {
			isa = PBXShellScriptBuildPhase;
			buildActionMask = 2147483647;
			files = (
			);
			inputPaths = (
			);
			outputPaths = (
			);
			runOnlyForDeploymentPostprocessing = 0;
			shellPath = /bin/sh;
			shellScript = "# This shell script simply copies required SFML dylibs/frameworks into the application bundle frameworks folder.\n# If you're using static libraries (which is not recommended) you should remove this script from your project.\n\n# SETTINGS\nCMAKE_INSTALL_FRAMEWORK_PREFIX=\"/Library/Frameworks\"\nCMAKE_INSTALL_LIB_PREFIX=\"/usr/local/lib\"\nFRAMEWORKS_FULL_PATH=\"$BUILT_PRODUCTS_DIR/$FRAMEWORKS_FOLDER_PATH/\"\n\n# Are we building a project that uses frameworks or dylibs?\ncase \"$SFML_BINARY_TYPE\" in\n    DYLIBS)\n        frameworks=\"false\"\n        ;;\n    *)\n        frameworks=\"true\"\n        ;;\nesac\n\n# Echoes to stderr\nerror () # $* message to display\n{\n    echo $* 1>&2\n    exit 2\n}\n\nassert () # $1 is a boolean, $2...N is an error message\n{\n    if [ $# -lt 2 ]\n    then\n        error \"Internal error in assert: not enough args\"\n    fi\n\n    if [ $1 -ne 0 ]\n    then\n        shift\n        error \"$*\"\n    fi\n}\n\nforce_remove () # $@ is some paths\n{\n    test $# -ge 1\n    assert $? \"force_remove() requires at least one parameter\"\n    rm -fr $@\n    assert $? \"couldn't remove $@\"\n}\n\ncopy () # $1 is a source, $2 is a destination\n{\n    test $# -eq 2\n    assert $? \"copy() requires two parameters\"\n    ditto \"$1\" \"$2\"\n    assert $? \"couldn't copy $1 to $2\"\n}\n\nrequire () # $1 is a SFML module like 'system' or 'audio'\n{\n    dest=\"$BUILT_PRODUCTS_DIR/$FRAMEWORKS_FOLDER_PATH/\"\n\n    if [ -z \"$1\" ]\n    then\n        error \"require() requires one parameter!\"\n    else\n        # clean potentially old stuff\n        force_remove \"$dest/libsfml-$1\"*\n        force_remove \"$dest/sfml-$1.framework\"\n\n        # copy SFML libraries\n        if [ \"$frameworks\" = \"true\" ]\n        then\n            source=\"$CMAKE_INSTALL_FRAMEWORK_PREFIX/sfml-$1.framework\"\n            target=\"sfml-$1.framework\"\n        elif [ \"$SFML_LINK_DYLIBS_SUFFIX\" = \"-d\" ]\n        then\n            source=\"$CMAKE_INSTALL_LIB_PREFIX/libsfml-$1-d.dylib\"\n            target=\"`readlink $source`\"\n        else\n            source=\"$CMAKE_INSTALL_LIB_PREFIX/libsfml-$1.dylib\"\n            target=\"`readlink $source`\"\n        fi\n\n        copy \"$source\" \"$dest/$target\"\n\n        # copy extra dependencies\n        if [ \"$1\" = \"audio\" ]\n        then\n            # copy \"FLAC\" \"ogg\" \"vorbis\" \"vorbisenc\" \"vorbisfile\" \"OpenAL\" frameworks too\n            for f in \"FLAC\" \"ogg\" \"vorbis\" \"vorbisenc\" \"vorbisfile\" \"OpenAL\"\n            do\n                copy \"$CMAKE_INSTALL_FRAMEWORK_PREFIX/$f.framework\" \"$dest/$f.framework\"\n            done\n        elif [ \"$1\" = \"graphics\" ]\n        then\n            copy \"$CMAKE_INSTALL_FRAMEWORK_PREFIX/freetype.framework\" \"$dest/freetype.framework\"\n        fi\n    fi\n}\n\nif [ -n \"$SFML_SYSTEM\" ]\nthen\n    require \"system\"\nfi\n\nif [ -n \"$SFML_AUDIO\" ]\nthen\n    require \"audio\"\nfi\n\nif [ -n \"$SFML_NETWORK\" ]\nthen\n    require \"network\"\nfi\n\nif [ -n \"$SFML_WINDOW\" ]\nthen\n    require \"window\"\nfi\n\nif [ -n \"$SFML_GRAPHICS\" ]\nthen\n    require \"graphics\"\nfi\n\n                ";
		};
/* End PBXShellScriptBuildPhase section */

/* Begin PBXSourcesBuildPhase section */
		92F1302A1CD06F710009C29C /* Sources */ = {
			isa = PBXSourcesBuildPhase;
			buildActionMask = 2147483647;
			files = (
				07BC138B1CEC160E00615DBE /* Utility.cpp in Sources */,
				07A999991CED6C6700C5FFFD /* Component.cpp in Sources */,
				0743C6BB1CEFD3D30080E356 /* Projectile.cpp in Sources */,
				07468E1C1CE57F020089667C /* StateStack.cpp in Sources */,
				9296BBF71D256E46002DF21A /* SoundPlayer.cpp in Sources */,
				92D697BF1CD31272000CF4BB /* Application.cpp in Sources */,
				07BC13931CEC1B9C00615DBE /* TitleState.cpp in Sources */,
				92BEE98F1D1E6423007E3F97 /* EmitterNode.cpp in Sources */,
				073FC2C81CEE700300FEB22B /* Button.cpp in Sources */,
				92E85F211D278D3A00FF80E3 /* MultiplayerGameState.cpp in Sources */,
				9266C7591CD711C10021AF29 /* ResourceHolder.inl in Sources */,
				9296BA121D1FEC4D00A9B6B4 /* BloomEffect.cpp in Sources */,
				07BEA7FA1CED2BA50023120D /* LoadingState.cpp in Sources */,
				073FC2D11CEE7FBB00FEB22B /* SettingsState.cpp in Sources */,
				92F130381CD06F710009C29C /* Main.cpp in Sources */,
				0722368B1CE2DCA60086A0CF /* Command.cpp in Sources */,
				92E85F281D278FBA00FF80E3 /* GameServer.cpp in Sources */,
				9242CAAB1CD8544800AC8A64 /* Entity.cpp in Sources */,
				07BC13961CEC25BE00615DBE /* MenuState.cpp in Sources */,
				07BC13901CEC189A00615DBE /* GameState.cpp in Sources */,
				07468E0C1CE542C70089667C /* CommandQueue.cpp in Sources */,
				07BC138D1CEC16AF00615DBE /* Utility.inl in Sources */,
				9296BA0F1D1FE86800A9B6B4 /* PostEffect.cpp in Sources */,
				076998E21CF1A41A00554CF5 /* TextNode.cpp in Sources */,
				07A9999C1CED6F4F00C5FFFD /* Container.cpp in Sources */,
				92BEE9921D1E6583007E3F97 /* ParticleNode.cpp in Sources */,
				0752C7E31CE19AD100EF1365 /* SpriteNode.cpp in Sources */,
				0743C6B81CEFD0200080E356 /* Pickup.cpp in Sources */,
				07468E0F1CE546AF0089667C /* Player.cpp in Sources */,
				07BEA7F71CED29060023120D /* ParallelTask.cpp in Sources */,
				0743C6B51CEFCE040080E356 /* DataTables.cpp in Sources */,
				92E85F1E1D27745A00FF80E3 /* SoundNode.cpp in Sources */,
				0752C7EE1CE1A39300EF1365 /* World.cpp in Sources */,
				070573111CFE673800C17EDF /* GameOverState.cpp in Sources */,
				073FC2C51CEE6A4A00FEB22B /* Label.cpp in Sources */,
				9242CAB41CD85A5600AC8A64 /* SceneNode.cpp in Sources */,
				07468E161CE579690089667C /* State.cpp in Sources */,
				92F130351CD06F710009C29C /* ResourcePath.mm in Sources */,
				9296BBF41D256AE5002DF21A /* MusicPlayer.cpp in Sources */,
				07BC13991CEC310B00615DBE /* PauseState.cpp in Sources */,
				9242CAAE1CD8562800AC8A64 /* Aircraft.cpp in Sources */,
				073DBCD21D08DD5800A3CC06 /* Animation.cpp in Sources */,
			);
			runOnlyForDeploymentPostprocessing = 0;
		};
/* End PBXSourcesBuildPhase section */

/* Begin XCBuildConfiguration section */
		92F130421CD06F710009C29C /* Debug */ = {
			isa = XCBuildConfiguration;
			buildSettings = {
				ARCHS = (
					i386,
					x86_64,
				);
				CLANG_CXX_LANGUAGE_STANDARD = "c++0x";
				CLANG_CXX_LIBRARY = "libc++";
				FRAMEWORK_SEARCH_PATHS = (
					/Library/Frameworks/,
					"$(inherited)",
				);
				GCC_VERSION = com.apple.compilers.llvm.clang.1_0;
				HEADER_SEARCH_PATHS = (
					/usr/local/include/,
					"$(inherited)",
				);
				LIBRARY_SEARCH_PATHS = (
					/usr/local/lib/,
					"$(inherited)",
				);
				MACOSX_DEPLOYMENT_TARGET = 10.7;
				OTHER_LDFLAGS = (
					"$(inherited)",
					"$(SFML_SYSTEM)",
					"$(SFML_WINDOW)",
					"$(SFML_GRAPHICS)",
					"$(SFML_AUDIO)",
					"$(SFML_NETWORK)",
				);
				SFML_AUDIO = "$(SFML_LINK_PREFIX) sfml-audio$(SFML_LINK_SUFFIX)";
				SFML_BINARY_TYPE = FRAMEWORKS;
				SFML_GRAPHICS = "$(SFML_LINK_PREFIX) sfml-graphics$(SFML_LINK_SUFFIX)";
				SFML_LINK_DYLIBS_PREFIX = "-l";
				SFML_LINK_DYLIBS_SUFFIX = "";
				SFML_LINK_FRAMEWORKS_PREFIX = "-framework";
				SFML_LINK_FRAMEWORKS_SUFFIX = "";
				SFML_LINK_PREFIX = "$(SFML_LINK_$(SFML_BINARY_TYPE)_PREFIX)";
				SFML_LINK_SUFFIX = "$(SFML_LINK_$(SFML_BINARY_TYPE)_SUFFIX)";
				SFML_NETWORK = "$(SFML_LINK_PREFIX) sfml-network$(SFML_LINK_SUFFIX)";
				SFML_SYSTEM = "$(SFML_LINK_PREFIX) sfml-system$(SFML_LINK_SUFFIX)";
				SFML_WINDOW = "$(SFML_LINK_PREFIX) sfml-window$(SFML_LINK_SUFFIX)";
				SUPPORTED_PLATFORMS = macosx;
			};
			name = Debug;
		};
		92F130431CD06F710009C29C /* Release */ = {
			isa = XCBuildConfiguration;
			buildSettings = {
				ARCHS = (
					i386,
					x86_64,
				);
				CLANG_CXX_LANGUAGE_STANDARD = "c++0x";
				CLANG_CXX_LIBRARY = "libc++";
				FRAMEWORK_SEARCH_PATHS = (
					/Library/Frameworks/,
					"$(inherited)",
				);
				GCC_VERSION = com.apple.compilers.llvm.clang.1_0;
				HEADER_SEARCH_PATHS = (
					/usr/local/include/,
					"$(inherited)",
				);
				LIBRARY_SEARCH_PATHS = (
					/usr/local/lib/,
					"$(inherited)",
				);
				MACOSX_DEPLOYMENT_TARGET = 10.7;
				OTHER_LDFLAGS = (
					"$(inherited)",
					"$(SFML_SYSTEM)",
					"$(SFML_WINDOW)",
					"$(SFML_GRAPHICS)",
					"$(SFML_AUDIO)",
					"$(SFML_NETWORK)",
				);
				SFML_AUDIO = "$(SFML_LINK_PREFIX) sfml-audio$(SFML_LINK_SUFFIX)";
				SFML_BINARY_TYPE = FRAMEWORKS;
				SFML_GRAPHICS = "$(SFML_LINK_PREFIX) sfml-graphics$(SFML_LINK_SUFFIX)";
				SFML_LINK_DYLIBS_PREFIX = "-l";
				SFML_LINK_DYLIBS_SUFFIX = "";
				SFML_LINK_FRAMEWORKS_PREFIX = "-framework";
				SFML_LINK_FRAMEWORKS_SUFFIX = "";
				SFML_LINK_PREFIX = "$(SFML_LINK_$(SFML_BINARY_TYPE)_PREFIX)";
				SFML_LINK_SUFFIX = "$(SFML_LINK_$(SFML_BINARY_TYPE)_SUFFIX)";
				SFML_NETWORK = "$(SFML_LINK_PREFIX) sfml-network$(SFML_LINK_SUFFIX)";
				SFML_SYSTEM = "$(SFML_LINK_PREFIX) sfml-system$(SFML_LINK_SUFFIX)";
				SFML_WINDOW = "$(SFML_LINK_PREFIX) sfml-window$(SFML_LINK_SUFFIX)";
				SUPPORTED_PLATFORMS = macosx;
			};
			name = Release;
		};
		92F130451CD06F710009C29C /* Debug */ = {
			isa = XCBuildConfiguration;
			buildSettings = {
				INFOPLIST_FILE = "SpaceWars/SpaceWars-Info.plist";
				LD_RUNPATH_SEARCH_PATHS = "@loader_path/../Frameworks";
				PRODUCT_NAME = "$(TARGET_NAME)";
			};
			name = Debug;
		};
		92F130461CD06F710009C29C /* Release */ = {
			isa = XCBuildConfiguration;
			buildSettings = {
				INFOPLIST_FILE = "SpaceWars/SpaceWars-Info.plist";
				LD_RUNPATH_SEARCH_PATHS = "@loader_path/../Frameworks";
				PRODUCT_NAME = "$(TARGET_NAME)";
			};
			name = Release;
		};
/* End XCBuildConfiguration section */

/* Begin XCConfigurationList section */
		92F130291CD06F710009C29C /* Build configuration list for PBXProject "SpaceWars" */ = {
			isa = XCConfigurationList;
			buildConfigurations = (
				92F130421CD06F710009C29C /* Debug */,
				92F130431CD06F710009C29C /* Release */,
			);
			defaultConfigurationIsVisible = 0;
			defaultConfigurationName = Release;
		};
		92F130441CD06F710009C29C /* Build configuration list for PBXNativeTarget "SpaceWars" */ = {
			isa = XCConfigurationList;
			buildConfigurations = (
				92F130451CD06F710009C29C /* Debug */,
				92F130461CD06F710009C29C /* Release */,
			);
			defaultConfigurationIsVisible = 0;
			defaultConfigurationName = Release;
		};
/* End XCConfigurationList section */
	};
	rootObject = 92F130261CD06F710009C29C /* Project object */;
}
