// !$*UTF8*$!
{
	archiveVersion = 1;
	classes = {
	};
	objectVersion = 46;
	objects = {

/* Begin PBXBuildFile section */
		0722368B1CE2DCA60086A0CF /* Command.cpp in Sources */ = {isa = PBXBuildFile; fileRef = 072236891CE2DCA60086A0CF /* Command.cpp */; };
		0736EBF31CEC3FA600564375 /* TitleScreen.png in Resources */ = {isa = PBXBuildFile; fileRef = 0736EBF21CEC3FA600564375 /* TitleScreen.png */; };
		07468E0C1CE542C70089667C /* CommandQueue.cpp in Sources */ = {isa = PBXBuildFile; fileRef = 07468E0A1CE542C70089667C /* CommandQueue.cpp */; };
		07468E0F1CE546AF0089667C /* Player.cpp in Sources */ = {isa = PBXBuildFile; fileRef = 07468E0D1CE546AF0089667C /* Player.cpp */; };
		07468E161CE579690089667C /* State.cpp in Sources */ = {isa = PBXBuildFile; fileRef = 07468E141CE579690089667C /* State.cpp */; };
		07468E1C1CE57F020089667C /* StateStack.cpp in Sources */ = {isa = PBXBuildFile; fileRef = 07468E1A1CE57F020089667C /* StateStack.cpp */; };
		0752C7E31CE19AD100EF1365 /* SpriteNode.cpp in Sources */ = {isa = PBXBuildFile; fileRef = 0752C7E11CE19AD100EF1365 /* SpriteNode.cpp */; };
		0752C7E61CE19E7600EF1365 /* Desert.png in Resources */ = {isa = PBXBuildFile; fileRef = 0752C7E41CE19E7600EF1365 /* Desert.png */; };
		0752C7E71CE19E7600EF1365 /* Raptor.png in Resources */ = {isa = PBXBuildFile; fileRef = 0752C7E51CE19E7600EF1365 /* Raptor.png */; };
		0752C7EB1CE1A27800EF1365 /* StringHelpers.inl in Sources */ = {isa = PBXBuildFile; fileRef = 0752C7E91CE1A27800EF1365 /* StringHelpers.inl */; };
		0752C7EE1CE1A39300EF1365 /* World.cpp in Sources */ = {isa = PBXBuildFile; fileRef = 0752C7EC1CE1A39300EF1365 /* World.cpp */; };
		07551B1F1CE29B4900D1CE8F /* Sansation.ttf in Resources */ = {isa = PBXBuildFile; fileRef = 07551B1E1CE29B4900D1CE8F /* Sansation.ttf */; };
		07BC138B1CEC160E00615DBE /* Utility.cpp in Sources */ = {isa = PBXBuildFile; fileRef = 07BC13891CEC160E00615DBE /* Utility.cpp */; };
		07BC138D1CEC16AF00615DBE /* Utility.inl in Sources */ = {isa = PBXBuildFile; fileRef = 07BC138C1CEC16AF00615DBE /* Utility.inl */; };
		07BC13901CEC189A00615DBE /* GameState.cpp in Sources */ = {isa = PBXBuildFile; fileRef = 07BC138E1CEC189A00615DBE /* GameState.cpp */; };
		07BC13931CEC1B9C00615DBE /* TitleState.cpp in Sources */ = {isa = PBXBuildFile; fileRef = 07BC13911CEC1B9C00615DBE /* TitleState.cpp */; };
		07BC13961CEC25BE00615DBE /* MenuState.cpp in Sources */ = {isa = PBXBuildFile; fileRef = 07BC13941CEC25BE00615DBE /* MenuState.cpp */; };
		07BC13991CEC310B00615DBE /* PauseState.cpp in Sources */ = {isa = PBXBuildFile; fileRef = 07BC13971CEC310B00615DBE /* PauseState.cpp */; };
		07BEA7F71CED29060023120D /* ParallelTask.cpp in Sources */ = {isa = PBXBuildFile; fileRef = 07BEA7F51CED29060023120D /* ParallelTask.cpp */; };
		07BEA7FA1CED2BA50023120D /* LoadingState.cpp in Sources */ = {isa = PBXBuildFile; fileRef = 07BEA7F81CED2BA50023120D /* LoadingState.cpp */; };
		9242CAAB1CD8544800AC8A64 /* Entity.cpp in Sources */ = {isa = PBXBuildFile; fileRef = 9242CAA91CD8544800AC8A64 /* Entity.cpp */; };
		9242CAAE1CD8562800AC8A64 /* Aircraft.cpp in Sources */ = {isa = PBXBuildFile; fileRef = 9242CAAC1CD8562800AC8A64 /* Aircraft.cpp */; };
		9242CAB41CD85A5600AC8A64 /* SceneNode.cpp in Sources */ = {isa = PBXBuildFile; fileRef = 9242CAB21CD85A5600AC8A64 /* SceneNode.cpp */; };
		9266C7561CD707D50021AF29 /* Eagle.png in Resources */ = {isa = PBXBuildFile; fileRef = 9266C7551CD707D50021AF29 /* Eagle.png */; };
		9266C7591CD711C10021AF29 /* ResourceHolder.inl in Sources */ = {isa = PBXBuildFile; fileRef = 9266C7571CD711C10021AF29 /* ResourceHolder.inl */; };
		92D697BF1CD31272000CF4BB /* Application.cpp in Sources */ = {isa = PBXBuildFile; fileRef = 92D697BD1CD31272000CF4BB /* Application.cpp */; };
		92F130351CD06F710009C29C /* ResourcePath.mm in Sources */ = {isa = PBXBuildFile; fileRef = 92F130341CD06F710009C29C /* ResourcePath.mm */; };
		92F130381CD06F710009C29C /* Main.cpp in Sources */ = {isa = PBXBuildFile; fileRef = 92F130371CD06F710009C29C /* Main.cpp */; };
/* End PBXBuildFile section */

/* Begin PBXFileReference section */
		072236891CE2DCA60086A0CF /* Command.cpp */ = {isa = PBXFileReference; fileEncoding = 4; lastKnownFileType = sourcecode.cpp.cpp; path = Command.cpp; sourceTree = "<group>"; };
		0722368A1CE2DCA60086A0CF /* Command.hpp */ = {isa = PBXFileReference; fileEncoding = 4; lastKnownFileType = sourcecode.cpp.h; path = Command.hpp; sourceTree = "<group>"; };
		0722368D1CE2DDD40086A0CF /* Category.hpp */ = {isa = PBXFileReference; fileEncoding = 4; lastKnownFileType = sourcecode.cpp.h; path = Category.hpp; sourceTree = "<group>"; };
		0736EBF21CEC3FA600564375 /* TitleScreen.png */ = {isa = PBXFileReference; lastKnownFileType = image.png; path = TitleScreen.png; sourceTree = "<group>"; };
		07468E0A1CE542C70089667C /* CommandQueue.cpp */ = {isa = PBXFileReference; fileEncoding = 4; lastKnownFileType = sourcecode.cpp.cpp; path = CommandQueue.cpp; sourceTree = "<group>"; };
		07468E0B1CE542C70089667C /* CommandQueue.hpp */ = {isa = PBXFileReference; fileEncoding = 4; lastKnownFileType = sourcecode.cpp.h; path = CommandQueue.hpp; sourceTree = "<group>"; };
		07468E0D1CE546AF0089667C /* Player.cpp */ = {isa = PBXFileReference; fileEncoding = 4; lastKnownFileType = sourcecode.cpp.cpp; path = Player.cpp; sourceTree = "<group>"; };
		07468E0E1CE546AF0089667C /* Player.hpp */ = {isa = PBXFileReference; fileEncoding = 4; lastKnownFileType = sourcecode.cpp.h; path = Player.hpp; sourceTree = "<group>"; };
		07468E141CE579690089667C /* State.cpp */ = {isa = PBXFileReference; fileEncoding = 4; lastKnownFileType = sourcecode.cpp.cpp; path = State.cpp; sourceTree = "<group>"; };
		07468E151CE579690089667C /* State.hpp */ = {isa = PBXFileReference; fileEncoding = 4; lastKnownFileType = sourcecode.cpp.h; path = State.hpp; sourceTree = "<group>"; };
		07468E181CE579950089667C /* StateIdentifiers.hpp */ = {isa = PBXFileReference; fileEncoding = 4; lastKnownFileType = sourcecode.cpp.h; path = StateIdentifiers.hpp; sourceTree = "<group>"; };
		07468E1A1CE57F020089667C /* StateStack.cpp */ = {isa = PBXFileReference; fileEncoding = 4; lastKnownFileType = sourcecode.cpp.cpp; path = StateStack.cpp; sourceTree = "<group>"; };
		07468E1B1CE57F020089667C /* StateStack.hpp */ = {isa = PBXFileReference; fileEncoding = 4; lastKnownFileType = sourcecode.cpp.h; path = StateStack.hpp; sourceTree = "<group>"; };
		0752C7E11CE19AD100EF1365 /* SpriteNode.cpp */ = {isa = PBXFileReference; fileEncoding = 4; lastKnownFileType = sourcecode.cpp.cpp; path = SpriteNode.cpp; sourceTree = "<group>"; };
		0752C7E21CE19AD100EF1365 /* SpriteNode.hpp */ = {isa = PBXFileReference; fileEncoding = 4; lastKnownFileType = sourcecode.cpp.h; path = SpriteNode.hpp; sourceTree = "<group>"; };
		0752C7E41CE19E7600EF1365 /* Desert.png */ = {isa = PBXFileReference; lastKnownFileType = image.png; path = Desert.png; sourceTree = "<group>"; };
		0752C7E51CE19E7600EF1365 /* Raptor.png */ = {isa = PBXFileReference; lastKnownFileType = image.png; path = Raptor.png; sourceTree = "<group>"; };
		0752C7E91CE1A27800EF1365 /* StringHelpers.inl */ = {isa = PBXFileReference; fileEncoding = 4; lastKnownFileType = text; path = StringHelpers.inl; sourceTree = "<group>"; };
		0752C7EA1CE1A27800EF1365 /* StringHelpers.hpp */ = {isa = PBXFileReference; fileEncoding = 4; lastKnownFileType = sourcecode.cpp.h; path = StringHelpers.hpp; sourceTree = "<group>"; };
		0752C7EC1CE1A39300EF1365 /* World.cpp */ = {isa = PBXFileReference; fileEncoding = 4; lastKnownFileType = sourcecode.cpp.cpp; path = World.cpp; sourceTree = "<group>"; };
		0752C7ED1CE1A39300EF1365 /* World.hpp */ = {isa = PBXFileReference; fileEncoding = 4; lastKnownFileType = sourcecode.cpp.h; path = World.hpp; sourceTree = "<group>"; };
		07551B1E1CE29B4900D1CE8F /* Sansation.ttf */ = {isa = PBXFileReference; lastKnownFileType = file; path = Sansation.ttf; sourceTree = "<group>"; };
		07BC13891CEC160E00615DBE /* Utility.cpp */ = {isa = PBXFileReference; fileEncoding = 4; lastKnownFileType = sourcecode.cpp.cpp; path = Utility.cpp; sourceTree = "<group>"; };
		07BC138A1CEC160E00615DBE /* Utility.hpp */ = {isa = PBXFileReference; fileEncoding = 4; lastKnownFileType = sourcecode.cpp.h; path = Utility.hpp; sourceTree = "<group>"; };
		07BC138C1CEC16AF00615DBE /* Utility.inl */ = {isa = PBXFileReference; fileEncoding = 4; lastKnownFileType = text; path = Utility.inl; sourceTree = "<group>"; };
		07BC138E1CEC189A00615DBE /* GameState.cpp */ = {isa = PBXFileReference; fileEncoding = 4; lastKnownFileType = sourcecode.cpp.cpp; path = GameState.cpp; sourceTree = "<group>"; };
		07BC138F1CEC189A00615DBE /* GameState.hpp */ = {isa = PBXFileReference; fileEncoding = 4; lastKnownFileType = sourcecode.cpp.h; path = GameState.hpp; sourceTree = "<group>"; };
		07BC13911CEC1B9C00615DBE /* TitleState.cpp */ = {isa = PBXFileReference; fileEncoding = 4; lastKnownFileType = sourcecode.cpp.cpp; path = TitleState.cpp; sourceTree = "<group>"; };
		07BC13921CEC1B9C00615DBE /* TitleState.hpp */ = {isa = PBXFileReference; fileEncoding = 4; lastKnownFileType = sourcecode.cpp.h; path = TitleState.hpp; sourceTree = "<group>"; };
		07BC13941CEC25BE00615DBE /* MenuState.cpp */ = {isa = PBXFileReference; fileEncoding = 4; lastKnownFileType = sourcecode.cpp.cpp; path = MenuState.cpp; sourceTree = "<group>"; };
		07BC13951CEC25BE00615DBE /* MenuState.hpp */ = {isa = PBXFileReference; fileEncoding = 4; lastKnownFileType = sourcecode.cpp.h; path = MenuState.hpp; sourceTree = "<group>"; };
		07BC13971CEC310B00615DBE /* PauseState.cpp */ = {isa = PBXFileReference; fileEncoding = 4; lastKnownFileType = sourcecode.cpp.cpp; path = PauseState.cpp; sourceTree = "<group>"; };
		07BC13981CEC310B00615DBE /* PauseState.hpp */ = {isa = PBXFileReference; fileEncoding = 4; lastKnownFileType = sourcecode.cpp.h; path = PauseState.hpp; sourceTree = "<group>"; };
		07BEA7F51CED29060023120D /* ParallelTask.cpp */ = {isa = PBXFileReference; fileEncoding = 4; lastKnownFileType = sourcecode.cpp.cpp; path = ParallelTask.cpp; sourceTree = "<group>"; };
		07BEA7F61CED29060023120D /* ParallelTask.hpp */ = {isa = PBXFileReference; fileEncoding = 4; lastKnownFileType = sourcecode.cpp.h; path = ParallelTask.hpp; sourceTree = "<group>"; };
		07BEA7F81CED2BA50023120D /* LoadingState.cpp */ = {isa = PBXFileReference; fileEncoding = 4; lastKnownFileType = sourcecode.cpp.cpp; path = LoadingState.cpp; sourceTree = "<group>"; };
		07BEA7F91CED2BA50023120D /* LoadingState.hpp */ = {isa = PBXFileReference; fileEncoding = 4; lastKnownFileType = sourcecode.cpp.h; path = LoadingState.hpp; sourceTree = "<group>"; };
		9242CAA91CD8544800AC8A64 /* Entity.cpp */ = {isa = PBXFileReference; fileEncoding = 4; lastKnownFileType = sourcecode.cpp.cpp; path = Entity.cpp; sourceTree = "<group>"; };
		9242CAAA1CD8544800AC8A64 /* Entity.hpp */ = {isa = PBXFileReference; fileEncoding = 4; lastKnownFileType = sourcecode.cpp.h; path = Entity.hpp; sourceTree = "<group>"; };
		9242CAAC1CD8562800AC8A64 /* Aircraft.cpp */ = {isa = PBXFileReference; fileEncoding = 4; lastKnownFileType = sourcecode.cpp.cpp; path = Aircraft.cpp; sourceTree = "<group>"; };
		9242CAAD1CD8562800AC8A64 /* Aircraft.hpp */ = {isa = PBXFileReference; fileEncoding = 4; lastKnownFileType = sourcecode.cpp.h; path = Aircraft.hpp; sourceTree = "<group>"; };
		9242CAB21CD85A5600AC8A64 /* SceneNode.cpp */ = {isa = PBXFileReference; fileEncoding = 4; lastKnownFileType = sourcecode.cpp.cpp; path = SceneNode.cpp; sourceTree = "<group>"; };
		9242CAB31CD85A5600AC8A64 /* SceneNode.hpp */ = {isa = PBXFileReference; fileEncoding = 4; lastKnownFileType = sourcecode.cpp.h; path = SceneNode.hpp; sourceTree = "<group>"; };
		9266C7551CD707D50021AF29 /* Eagle.png */ = {isa = PBXFileReference; lastKnownFileType = image.png; path = Eagle.png; sourceTree = "<group>"; };
		9266C7571CD711C10021AF29 /* ResourceHolder.inl */ = {isa = PBXFileReference; fileEncoding = 4; lastKnownFileType = text; path = ResourceHolder.inl; sourceTree = "<group>"; };
		9266C7581CD711C10021AF29 /* ResourceHolder.hpp */ = {isa = PBXFileReference; fileEncoding = 4; lastKnownFileType = sourcecode.cpp.h; path = ResourceHolder.hpp; sourceTree = "<group>"; };
		926FBF741CDAF15200641B40 /* ResourceIdentifiers.hpp */ = {isa = PBXFileReference; fileEncoding = 4; lastKnownFileType = sourcecode.cpp.h; path = ResourceIdentifiers.hpp; sourceTree = "<group>"; };
		92D697BD1CD31272000CF4BB /* Application.cpp */ = {isa = PBXFileReference; fileEncoding = 4; lastKnownFileType = sourcecode.cpp.cpp; path = Application.cpp; sourceTree = "<group>"; };
		92D697BE1CD31272000CF4BB /* Application.hpp */ = {isa = PBXFileReference; fileEncoding = 4; lastKnownFileType = sourcecode.cpp.h; path = Application.hpp; sourceTree = "<group>"; };
		92F1302F1CD06F710009C29C /* SpaceWars.app */ = {isa = PBXFileReference; explicitFileType = wrapper.application; includeInIndex = 0; path = SpaceWars.app; sourceTree = BUILT_PRODUCTS_DIR; };
		92F130331CD06F710009C29C /* SpaceWars-Info.plist */ = {isa = PBXFileReference; lastKnownFileType = text.plist.xml; path = "SpaceWars-Info.plist"; sourceTree = "<group>"; };
		92F130341CD06F710009C29C /* ResourcePath.mm */ = {isa = PBXFileReference; lastKnownFileType = sourcecode.cpp.objcpp; path = ResourcePath.mm; sourceTree = "<group>"; };
		92F130361CD06F710009C29C /* ResourcePath.hpp */ = {isa = PBXFileReference; lastKnownFileType = sourcecode.cpp.h; path = ResourcePath.hpp; sourceTree = "<group>"; };
		92F130371CD06F710009C29C /* Main.cpp */ = {isa = PBXFileReference; lastKnownFileType = sourcecode.cpp.cpp; path = Main.cpp; sourceTree = "<group>"; };
/* End PBXFileReference section */

/* Begin PBXFrameworksBuildPhase section */
		92F1302B1CD06F710009C29C /* Frameworks */ = {
			isa = PBXFrameworksBuildPhase;
			buildActionMask = 2147483647;
			files = (
			);
			runOnlyForDeploymentPostprocessing = 0;
		};
/* End PBXFrameworksBuildPhase section */

/* Begin PBXGroup section */
		072236881CE2DC9A0086A0CF /* Commands */ = {
			isa = PBXGroup;
			children = (
				072236891CE2DCA60086A0CF /* Command.cpp */,
				0722368A1CE2DCA60086A0CF /* Command.hpp */,
				0722368D1CE2DDD40086A0CF /* Category.hpp */,
				07468E0A1CE542C70089667C /* CommandQueue.cpp */,
				07468E0B1CE542C70089667C /* CommandQueue.hpp */,
			);
			name = Commands;
			sourceTree = "<group>";
		};
		07468E101CE579010089667C /* States */ = {
			isa = PBXGroup;
			children = (
				07468E141CE579690089667C /* State.cpp */,
				07468E151CE579690089667C /* State.hpp */,
				07468E181CE579950089667C /* StateIdentifiers.hpp */,
				07468E1A1CE57F020089667C /* StateStack.cpp */,
				07468E1B1CE57F020089667C /* StateStack.hpp */,
				07BC138E1CEC189A00615DBE /* GameState.cpp */,
				07BC138F1CEC189A00615DBE /* GameState.hpp */,
				07BC13911CEC1B9C00615DBE /* TitleState.cpp */,
				07BC13921CEC1B9C00615DBE /* TitleState.hpp */,
				07BC13941CEC25BE00615DBE /* MenuState.cpp */,
				07BC13951CEC25BE00615DBE /* MenuState.hpp */,
				07BC13971CEC310B00615DBE /* PauseState.cpp */,
				07BC13981CEC310B00615DBE /* PauseState.hpp */,
				07BEA7F81CED2BA50023120D /* LoadingState.cpp */,
				07BEA7F91CED2BA50023120D /* LoadingState.hpp */,
			);
			name = States;
			sourceTree = "<group>";
		};
		0752C7E81CE1A26100EF1365 /* Utils */ = {
			isa = PBXGroup;
			children = (
				0752C7E91CE1A27800EF1365 /* StringHelpers.inl */,
				0752C7EA1CE1A27800EF1365 /* StringHelpers.hpp */,
				07BC13891CEC160E00615DBE /* Utility.cpp */,
				07BC138A1CEC160E00615DBE /* Utility.hpp */,
				07BC138C1CEC16AF00615DBE /* Utility.inl */,
			);
			name = Utils;
			sourceTree = "<group>";
		};
		07551B201CE29B6000D1CE8F /* Textures */ = {
			isa = PBXGroup;
			children = (
				0736EBF21CEC3FA600564375 /* TitleScreen.png */,
				0752C7E41CE19E7600EF1365 /* Desert.png */,
				0752C7E51CE19E7600EF1365 /* Raptor.png */,
				9266C7551CD707D50021AF29 /* Eagle.png */,
			);
			name = Textures;
			sourceTree = "<group>";
		};
		07A999951CED6B9E00C5FFFD /* Tasks */ = {
			isa = PBXGroup;
			children = (
				07BEA7F51CED29060023120D /* ParallelTask.cpp */,
				07BEA7F61CED29060023120D /* ParallelTask.hpp */,
			);
			name = Tasks;
			sourceTree = "<group>";
		};
		9242CAAF1CD8591E00AC8A64 /* ResourceLoaders */ = {
			isa = PBXGroup;
			children = (
				92F130341CD06F710009C29C /* ResourcePath.mm */,
				92F130361CD06F710009C29C /* ResourcePath.hpp */,
				9266C7571CD711C10021AF29 /* ResourceHolder.inl */,
				9266C7581CD711C10021AF29 /* ResourceHolder.hpp */,
				926FBF741CDAF15200641B40 /* ResourceIdentifiers.hpp */,
			);
			name = ResourceLoaders;
			sourceTree = "<group>";
		};
		9242CAB01CD8593000AC8A64 /* Entities */ = {
			isa = PBXGroup;
			children = (
				9242CAA91CD8544800AC8A64 /* Entity.cpp */,
				9242CAAA1CD8544800AC8A64 /* Entity.hpp */,
				9242CAAC1CD8562800AC8A64 /* Aircraft.cpp */,
				9242CAAD1CD8562800AC8A64 /* Aircraft.hpp */,
			);
			name = Entities;
			sourceTree = "<group>";
		};
		9242CAB11CD85A1900AC8A64 /* Scenes */ = {
			isa = PBXGroup;
			children = (
				0752C7E11CE19AD100EF1365 /* SpriteNode.cpp */,
				0752C7E21CE19AD100EF1365 /* SpriteNode.hpp */,
				9242CAB21CD85A5600AC8A64 /* SceneNode.cpp */,
				9242CAB31CD85A5600AC8A64 /* SceneNode.hpp */,
			);
			name = Scenes;
			sourceTree = "<group>";
		};
		926FBF761CDAFABA00641B40 /* Core */ = {
			isa = PBXGroup;
			children = (
				92D697BE1CD31272000CF4BB /* Application.hpp */,
				92D697BD1CD31272000CF4BB /* Application.cpp */,
				0752C7EC1CE1A39300EF1365 /* World.cpp */,
				0752C7ED1CE1A39300EF1365 /* World.hpp */,
				07468E0D1CE546AF0089667C /* Player.cpp */,
				07468E0E1CE546AF0089667C /* Player.hpp */,
			);
			name = Core;
			sourceTree = "<group>";
		};
		92F130251CD06F710009C29C = {
			isa = PBXGroup;
			children = (
				92F130311CD06F710009C29C /* SpaceWars */,
				92F130301CD06F710009C29C /* Products */,
			);
			sourceTree = "<group>";
		};
		92F130301CD06F710009C29C /* Products */ = {
			isa = PBXGroup;
			children = (
				92F1302F1CD06F710009C29C /* SpaceWars.app */,
			);
			name = Products;
			sourceTree = "<group>";
		};
		92F130311CD06F710009C29C /* SpaceWars */ = {
			isa = PBXGroup;
			children = (
				07A999951CED6B9E00C5FFFD /* Tasks */,
				07468E101CE579010089667C /* States */,
				072236881CE2DC9A0086A0CF /* Commands */,
				0752C7E81CE1A26100EF1365 /* Utils */,
				926FBF761CDAFABA00641B40 /* Core */,
				9242CAB01CD8593000AC8A64 /* Entities */,
				9242CAAF1CD8591E00AC8A64 /* ResourceLoaders */,
				9242CAB11CD85A1900AC8A64 /* Scenes */,
				92F130371CD06F710009C29C /* Main.cpp */,
				92F130391CD06F710009C29C /* Resources */,
				92F130321CD06F710009C29C /* Supporting Files */,
			);
			path = SpaceWars;
			sourceTree = "<group>";
		};
		92F130321CD06F710009C29C /* Supporting Files */ = {
			isa = PBXGroup;
			children = (
				92F130331CD06F710009C29C /* SpaceWars-Info.plist */,
			);
			name = "Supporting Files";
			sourceTree = "<group>";
		};
		92F130391CD06F710009C29C /* Resources */ = {
			isa = PBXGroup;
			children = (
				07551B201CE29B6000D1CE8F /* Textures */,
				07551B1E1CE29B4900D1CE8F /* Sansation.ttf */,
			);
			name = Resources;
			sourceTree = "<group>";
		};
/* End PBXGroup section */

/* Begin PBXNativeTarget section */
		92F1302E1CD06F710009C29C /* SpaceWars */ = {
			isa = PBXNativeTarget;
			buildConfigurationList = 92F130441CD06F710009C29C /* Build configuration list for PBXNativeTarget "SpaceWars" */;
			buildPhases = (
				92F1302A1CD06F710009C29C /* Sources */,
				92F1302B1CD06F710009C29C /* Frameworks */,
				92F1302C1CD06F710009C29C /* Resources */,
				92F1302D1CD06F710009C29C /* ShellScript */,
			);
			buildRules = (
			);
			dependencies = (
			);
			name = SpaceWars;
			productName = SpaceWars;
			productReference = 92F1302F1CD06F710009C29C /* SpaceWars.app */;
			productType = "com.apple.product-type.application";
		};
/* End PBXNativeTarget section */

/* Begin PBXProject section */
		92F130261CD06F710009C29C /* Project object */ = {
			isa = PBXProject;
			attributes = {
				LastUpgradeCheck = 0630;
				ORGANIZATIONNAME = mebobby;
				TargetAttributes = {
					92F1302E1CD06F710009C29C = {
						CreatedOnToolsVersion = 6.3;
					};
				};
			};
			buildConfigurationList = 92F130291CD06F710009C29C /* Build configuration list for PBXProject "SpaceWars" */;
			compatibilityVersion = "Xcode 3.2";
			developmentRegion = English;
			hasScannedForEncodings = 0;
			knownRegions = (
				en,
			);
			mainGroup = 92F130251CD06F710009C29C;
			productRefGroup = 92F130301CD06F710009C29C /* Products */;
			projectDirPath = "";
			projectRoot = "";
			targets = (
				92F1302E1CD06F710009C29C /* SpaceWars */,
			);
		};
/* End PBXProject section */

/* Begin PBXResourcesBuildPhase section */
		92F1302C1CD06F710009C29C /* Resources */ = {
			isa = PBXResourcesBuildPhase;
			buildActionMask = 2147483647;
			files = (
				0752C7E61CE19E7600EF1365 /* Desert.png in Resources */,
				07551B1F1CE29B4900D1CE8F /* Sansation.ttf in Resources */,
				0752C7E71CE19E7600EF1365 /* Raptor.png in Resources */,
				9266C7561CD707D50021AF29 /* Eagle.png in Resources */,
				0736EBF31CEC3FA600564375 /* TitleScreen.png in Resources */,
			);
			runOnlyForDeploymentPostprocessing = 0;
		};
/* End PBXResourcesBuildPhase section */

/* Begin PBXShellScriptBuildPhase section */
		92F1302D1CD06F710009C29C /* ShellScript */ = {
			isa = PBXShellScriptBuildPhase;
			buildActionMask = 2147483647;
			files = (
			);
			inputPaths = (
			);
			outputPaths = (
			);
			runOnlyForDeploymentPostprocessing = 0;
			shellPath = /bin/sh;
			shellScript = "# This shell script simply copies required SFML dylibs/frameworks into the application bundle frameworks folder.\n# If you're using static libraries (which is not recommended) you should remove this script from your project.\n\n# SETTINGS\nCMAKE_INSTALL_FRAMEWORK_PREFIX=\"/Library/Frameworks\"\nCMAKE_INSTALL_LIB_PREFIX=\"/usr/local/lib\"\nFRAMEWORKS_FULL_PATH=\"$BUILT_PRODUCTS_DIR/$FRAMEWORKS_FOLDER_PATH/\"\n\n# Are we building a project that uses frameworks or dylibs?\ncase \"$SFML_BINARY_TYPE\" in\n    DYLIBS)\n        frameworks=\"false\"\n        ;;\n    *)\n        frameworks=\"true\"\n        ;;\nesac\n\n# Echoes to stderr\nerror () # $* message to display\n{\n    echo $* 1>&2\n    exit 2\n}\n\nassert () # $1 is a boolean, $2...N is an error message\n{\n    if [ $# -lt 2 ]\n    then\n        error \"Internal error in assert: not enough args\"\n    fi\n\n    if [ $1 -ne 0 ]\n    then\n        shift\n        error \"$*\"\n    fi\n}\n\nforce_remove () # $@ is some paths\n{\n    test $# -ge 1\n    assert $? \"force_remove() requires at least one parameter\"\n    rm -fr $@\n    assert $? \"couldn't remove $@\"\n}\n\ncopy () # $1 is a source, $2 is a destination\n{\n    test $# -eq 2\n    assert $? \"copy() requires two parameters\"\n    ditto \"$1\" \"$2\"\n    assert $? \"couldn't copy $1 to $2\"\n}\n\nrequire () # $1 is a SFML module like 'system' or 'audio'\n{\n    dest=\"$BUILT_PRODUCTS_DIR/$FRAMEWORKS_FOLDER_PATH/\"\n\n    if [ -z \"$1\" ]\n    then\n        error \"require() requires one parameter!\"\n    else\n        # clean potentially old stuff\n        force_remove \"$dest/libsfml-$1\"*\n        force_remove \"$dest/sfml-$1.framework\"\n\n        # copy SFML libraries\n        if [ \"$frameworks\" = \"true\" ]\n        then\n            source=\"$CMAKE_INSTALL_FRAMEWORK_PREFIX/sfml-$1.framework\"\n            target=\"sfml-$1.framework\"\n        elif [ \"$SFML_LINK_DYLIBS_SUFFIX\" = \"-d\" ]\n        then\n            source=\"$CMAKE_INSTALL_LIB_PREFIX/libsfml-$1-d.dylib\"\n            target=\"`readlink $source`\"\n        else\n            source=\"$CMAKE_INSTALL_LIB_PREFIX/libsfml-$1.dylib\"\n            target=\"`readlink $source`\"\n        fi\n\n        copy \"$source\" \"$dest/$target\"\n\n        # copy extra dependencies\n        if [ \"$1\" = \"audio\" ]\n        then\n            # copy \"FLAC\" \"ogg\" \"vorbis\" \"vorbisenc\" \"vorbisfile\" \"OpenAL\" frameworks too\n            for f in \"FLAC\" \"ogg\" \"vorbis\" \"vorbisenc\" \"vorbisfile\" \"OpenAL\"\n            do\n                copy \"$CMAKE_INSTALL_FRAMEWORK_PREFIX/$f.framework\" \"$dest/$f.framework\"\n            done\n        elif [ \"$1\" = \"graphics\" ]\n        then\n            copy \"$CMAKE_INSTALL_FRAMEWORK_PREFIX/freetype.framework\" \"$dest/freetype.framework\"\n        fi\n    fi\n}\n\nif [ -n \"$SFML_SYSTEM\" ]\nthen\n    require \"system\"\nfi\n\nif [ -n \"$SFML_AUDIO\" ]\nthen\n    require \"audio\"\nfi\n\nif [ -n \"$SFML_NETWORK\" ]\nthen\n    require \"network\"\nfi\n\nif [ -n \"$SFML_WINDOW\" ]\nthen\n    require \"window\"\nfi\n\nif [ -n \"$SFML_GRAPHICS\" ]\nthen\n    require \"graphics\"\nfi\n\n                ";
		};
/* End PBXShellScriptBuildPhase section */

/* Begin PBXSourcesBuildPhase section */
		92F1302A1CD06F710009C29C /* Sources */ = {
			isa = PBXSourcesBuildPhase;
			buildActionMask = 2147483647;
			files = (
				07BC138B1CEC160E00615DBE /* Utility.cpp in Sources */,
				07468E1C1CE57F020089667C /* StateStack.cpp in Sources */,
				92D697BF1CD31272000CF4BB /* Application.cpp in Sources */,
				07BC13931CEC1B9C00615DBE /* TitleState.cpp in Sources */,
				9266C7591CD711C10021AF29 /* ResourceHolder.inl in Sources */,
				07BEA7FA1CED2BA50023120D /* LoadingState.cpp in Sources */,
				92F130381CD06F710009C29C /* Main.cpp in Sources */,
				0722368B1CE2DCA60086A0CF /* Command.cpp in Sources */,
				9242CAAB1CD8544800AC8A64 /* Entity.cpp in Sources */,
				07BC13961CEC25BE00615DBE /* MenuState.cpp in Sources */,
				07BC13901CEC189A00615DBE /* GameState.cpp in Sources */,
				07468E0C1CE542C70089667C /* CommandQueue.cpp in Sources */,
				0752C7EB1CE1A27800EF1365 /* StringHelpers.inl in Sources */,
				07BC138D1CEC16AF00615DBE /* Utility.inl in Sources */,
				0752C7E31CE19AD100EF1365 /* SpriteNode.cpp in Sources */,
				07468E0F1CE546AF0089667C /* Player.cpp in Sources */,
				07BEA7F71CED29060023120D /* ParallelTask.cpp in Sources */,
				0752C7EE1CE1A39300EF1365 /* World.cpp in Sources */,
				9242CAB41CD85A5600AC8A64 /* SceneNode.cpp in Sources */,
				07468E161CE579690089667C /* State.cpp in Sources */,
				92F130351CD06F710009C29C /* ResourcePath.mm in Sources */,
				07BC13991CEC310B00615DBE /* PauseState.cpp in Sources */,
				9242CAAE1CD8562800AC8A64 /* Aircraft.cpp in Sources */,
			);
			runOnlyForDeploymentPostprocessing = 0;
		};
/* End PBXSourcesBuildPhase section */

/* Begin XCBuildConfiguration section */
		92F130421CD06F710009C29C /* Debug */ = {
			isa = XCBuildConfiguration;
			buildSettings = {
				ARCHS = (
					i386,
					x86_64,
				);
				CLANG_CXX_LANGUAGE_STANDARD = "c++0x";
				CLANG_CXX_LIBRARY = "libc++";
				FRAMEWORK_SEARCH_PATHS = (
					/Library/Frameworks/,
					"$(inherited)",
				);
				GCC_VERSION = com.apple.compilers.llvm.clang.1_0;
				HEADER_SEARCH_PATHS = (
					/usr/local/include/,
					"$(inherited)",
				);
				LIBRARY_SEARCH_PATHS = (
					/usr/local/lib/,
					"$(inherited)",
				);
				MACOSX_DEPLOYMENT_TARGET = 10.7;
				OTHER_LDFLAGS = (
					"$(inherited)",
					"$(SFML_SYSTEM)",
					"$(SFML_WINDOW)",
					"$(SFML_GRAPHICS)",
					"$(SFML_AUDIO)",
					"$(SFML_NETWORK)",
				);
				SFML_AUDIO = "$(SFML_LINK_PREFIX) sfml-audio$(SFML_LINK_SUFFIX)";
				SFML_BINARY_TYPE = FRAMEWORKS;
				SFML_GRAPHICS = "$(SFML_LINK_PREFIX) sfml-graphics$(SFML_LINK_SUFFIX)";
				SFML_LINK_DYLIBS_PREFIX = "-l";
				SFML_LINK_DYLIBS_SUFFIX = "";
				SFML_LINK_FRAMEWORKS_PREFIX = "-framework";
				SFML_LINK_FRAMEWORKS_SUFFIX = "";
				SFML_LINK_PREFIX = "$(SFML_LINK_$(SFML_BINARY_TYPE)_PREFIX)";
				SFML_LINK_SUFFIX = "$(SFML_LINK_$(SFML_BINARY_TYPE)_SUFFIX)";
				SFML_NETWORK = "$(SFML_LINK_PREFIX) sfml-network$(SFML_LINK_SUFFIX)";
				SFML_SYSTEM = "$(SFML_LINK_PREFIX) sfml-system$(SFML_LINK_SUFFIX)";
				SFML_WINDOW = "$(SFML_LINK_PREFIX) sfml-window$(SFML_LINK_SUFFIX)";
				SUPPORTED_PLATFORMS = macosx;
			};
			name = Debug;
		};
		92F130431CD06F710009C29C /* Release */ = {
			isa = XCBuildConfiguration;
			buildSettings = {
				ARCHS = (
					i386,
					x86_64,
				);
				CLANG_CXX_LANGUAGE_STANDARD = "c++0x";
				CLANG_CXX_LIBRARY = "libc++";
				FRAMEWORK_SEARCH_PATHS = (
					/Library/Frameworks/,
					"$(inherited)",
				);
				GCC_VERSION = com.apple.compilers.llvm.clang.1_0;
				HEADER_SEARCH_PATHS = (
					/usr/local/include/,
					"$(inherited)",
				);
				LIBRARY_SEARCH_PATHS = (
					/usr/local/lib/,
					"$(inherited)",
				);
				MACOSX_DEPLOYMENT_TARGET = 10.7;
				OTHER_LDFLAGS = (
					"$(inherited)",
					"$(SFML_SYSTEM)",
					"$(SFML_WINDOW)",
					"$(SFML_GRAPHICS)",
					"$(SFML_AUDIO)",
					"$(SFML_NETWORK)",
				);
				SFML_AUDIO = "$(SFML_LINK_PREFIX) sfml-audio$(SFML_LINK_SUFFIX)";
				SFML_BINARY_TYPE = FRAMEWORKS;
				SFML_GRAPHICS = "$(SFML_LINK_PREFIX) sfml-graphics$(SFML_LINK_SUFFIX)";
				SFML_LINK_DYLIBS_PREFIX = "-l";
				SFML_LINK_DYLIBS_SUFFIX = "";
				SFML_LINK_FRAMEWORKS_PREFIX = "-framework";
				SFML_LINK_FRAMEWORKS_SUFFIX = "";
				SFML_LINK_PREFIX = "$(SFML_LINK_$(SFML_BINARY_TYPE)_PREFIX)";
				SFML_LINK_SUFFIX = "$(SFML_LINK_$(SFML_BINARY_TYPE)_SUFFIX)";
				SFML_NETWORK = "$(SFML_LINK_PREFIX) sfml-network$(SFML_LINK_SUFFIX)";
				SFML_SYSTEM = "$(SFML_LINK_PREFIX) sfml-system$(SFML_LINK_SUFFIX)";
				SFML_WINDOW = "$(SFML_LINK_PREFIX) sfml-window$(SFML_LINK_SUFFIX)";
				SUPPORTED_PLATFORMS = macosx;
			};
			name = Release;
		};
		92F130451CD06F710009C29C /* Debug */ = {
			isa = XCBuildConfiguration;
			buildSettings = {
				INFOPLIST_FILE = "SpaceWars/SpaceWars-Info.plist";
				LD_RUNPATH_SEARCH_PATHS = "@loader_path/../Frameworks";
				PRODUCT_NAME = "$(TARGET_NAME)";
			};
			name = Debug;
		};
		92F130461CD06F710009C29C /* Release */ = {
			isa = XCBuildConfiguration;
			buildSettings = {
				INFOPLIST_FILE = "SpaceWars/SpaceWars-Info.plist";
				LD_RUNPATH_SEARCH_PATHS = "@loader_path/../Frameworks";
				PRODUCT_NAME = "$(TARGET_NAME)";
			};
			name = Release;
		};
/* End XCBuildConfiguration section */

/* Begin XCConfigurationList section */
		92F130291CD06F710009C29C /* Build configuration list for PBXProject "SpaceWars" */ = {
			isa = XCConfigurationList;
			buildConfigurations = (
				92F130421CD06F710009C29C /* Debug */,
				92F130431CD06F710009C29C /* Release */,
			);
			defaultConfigurationIsVisible = 0;
			defaultConfigurationName = Release;
		};
		92F130441CD06F710009C29C /* Build configuration list for PBXNativeTarget "SpaceWars" */ = {
			isa = XCConfigurationList;
			buildConfigurations = (
				92F130451CD06F710009C29C /* Debug */,
				92F130461CD06F710009C29C /* Release */,
			);
			defaultConfigurationIsVisible = 0;
			defaultConfigurationName = Release;
		};
/* End XCConfigurationList section */
	};
	rootObject = 92F130261CD06F710009C29C /* Project object */;
}
